// !$*UTF8*$!
{
	archiveVersion = 1;
	classes = {
	};
	objectVersion = 56;
	objects = {

/* Begin PBXBuildFile section */
		E314BD662BDCDDDE00543C78 /* AuthConfiguration.swift in Sources */ = {isa = PBXBuildFile; fileRef = E314BD652BDCDDDE00543C78 /* AuthConfiguration.swift */; };
		E3197AD72BC8057A007ECCB5 /* SingleImageViewController.swift in Sources */ = {isa = PBXBuildFile; fileRef = E3197AD62BC8057A007ECCB5 /* SingleImageViewController.swift */; };
		E34FB32A2BEDF67B008670A6 /* ProgressHUD in Frameworks */ = {isa = PBXBuildFile; productRef = E34FB3292BEDF67B008670A6 /* ProgressHUD */; };
		E35E3CDE2BB8579A00C9FA5E /* ImagesListCell.swift in Sources */ = {isa = PBXBuildFile; fileRef = E35E3CDD2BB8579A00C9FA5E /* ImagesListCell.swift */; };
		E36534902BE0D444009815BF /* SplashViewController.swift in Sources */ = {isa = PBXBuildFile; fileRef = E365348F2BE0D444009815BF /* SplashViewController.swift */; };
		E36CCBE32BDF512C0069DEDC /* OAuth2Service.swift in Sources */ = {isa = PBXBuildFile; fileRef = E36CCBE22BDF512C0069DEDC /* OAuth2Service.swift */; };
		E36CCBE52BDF583E0069DEDC /* URLSession+data.swift in Sources */ = {isa = PBXBuildFile; fileRef = E36CCBE42BDF583E0069DEDC /* URLSession+data.swift */; };
		E36CCBE72BDF5BB80069DEDC /* OAuthTokenResponseBody.swift in Sources */ = {isa = PBXBuildFile; fileRef = E36CCBE62BDF5BB80069DEDC /* OAuthTokenResponseBody.swift */; };
		E36CCBEC2BDF69100069DEDC /* OAuth2TokenStorage.swift in Sources */ = {isa = PBXBuildFile; fileRef = E36CCBEB2BDF69100069DEDC /* OAuth2TokenStorage.swift */; };
		E3763F722BF3419800E85229 /* UIBlockingProgressHUD.swift in Sources */ = {isa = PBXBuildFile; fileRef = E3763F712BF3419800E85229 /* UIBlockingProgressHUD.swift */; };
		E37D91362BFA3FB90069F213 /* WebViewConstatnts.swift in Sources */ = {isa = PBXBuildFile; fileRef = E37D91352BFA3FB90069F213 /* WebViewConstatnts.swift */; };
		E37D91382BFA3FD50069F213 /* ProfileConstants.swift in Sources */ = {isa = PBXBuildFile; fileRef = E37D91372BFA3FD50069F213 /* ProfileConstants.swift */; };
		E37D913B2BFA44900069F213 /* AlertPresenter.swift in Sources */ = {isa = PBXBuildFile; fileRef = E37D913A2BFA44900069F213 /* AlertPresenter.swift */; };
		E37D913D2BFA4ADC0069F213 /* AuthViewControllerDelegate.swift in Sources */ = {isa = PBXBuildFile; fileRef = E37D913C2BFA4ADC0069F213 /* AuthViewControllerDelegate.swift */; };
		E387CEEC2C008A370069287C /* Photo.swift in Sources */ = {isa = PBXBuildFile; fileRef = E387CEEB2C008A370069287C /* Photo.swift */; };
		E387CEEE2C008A580069287C /* ImagesListService.swift in Sources */ = {isa = PBXBuildFile; fileRef = E387CEED2C008A580069287C /* ImagesListService.swift */; };
		E387CEF02C009F500069287C /* PhotoResults.swift in Sources */ = {isa = PBXBuildFile; fileRef = E387CEEF2C009F500069287C /* PhotoResults.swift */; };
		E38CA2282C120256004664E2 /* ProfileLogoutService.swift in Sources */ = {isa = PBXBuildFile; fileRef = E38CA2272C120256004664E2 /* ProfileLogoutService.swift */; };
		E3A74C792BF6EEE700699185 /* ProfileImageService.swift in Sources */ = {isa = PBXBuildFile; fileRef = E3A74C782BF6EEE700699185 /* ProfileImageService.swift */; };
		E3A74C7B2BF6F1BC00699185 /* ProfileImage.swift in Sources */ = {isa = PBXBuildFile; fileRef = E3A74C7A2BF6F1BC00699185 /* ProfileImage.swift */; };
		E3ACFC3E2BB5265000FCC311 /* AppDelegate.swift in Sources */ = {isa = PBXBuildFile; fileRef = E3ACFC3D2BB5265000FCC311 /* AppDelegate.swift */; };
		E3ACFC402BB5265000FCC311 /* SceneDelegate.swift in Sources */ = {isa = PBXBuildFile; fileRef = E3ACFC3F2BB5265000FCC311 /* SceneDelegate.swift */; };
		E3ACFC422BB5265000FCC311 /* ImagesListViewController.swift in Sources */ = {isa = PBXBuildFile; fileRef = E3ACFC412BB5265000FCC311 /* ImagesListViewController.swift */; };
		E3ACFC452BB5265000FCC311 /* Main.storyboard in Resources */ = {isa = PBXBuildFile; fileRef = E3ACFC432BB5265000FCC311 /* Main.storyboard */; };
		E3ACFC472BB5265200FCC311 /* Assets.xcassets in Resources */ = {isa = PBXBuildFile; fileRef = E3ACFC462BB5265200FCC311 /* Assets.xcassets */; };
		E3ACFC4A2BB5265200FCC311 /* LaunchScreen.storyboard in Resources */ = {isa = PBXBuildFile; fileRef = E3ACFC482BB5265200FCC311 /* LaunchScreen.storyboard */; };
		E3ACFC5F2BB5265300FCC311 /* ImageFeedUITests.swift in Sources */ = {isa = PBXBuildFile; fileRef = E3ACFC5E2BB5265300FCC311 /* ImageFeedUITests.swift */; };
		E3ACFC612BB5265300FCC311 /* ImageFeedUITestsLaunchTests.swift in Sources */ = {isa = PBXBuildFile; fileRef = E3ACFC602BB5265300FCC311 /* ImageFeedUITestsLaunchTests.swift */; };
		E3B07E152BFB6560001C9317 /* TabBarController.swift in Sources */ = {isa = PBXBuildFile; fileRef = E3B07E142BFB6560001C9317 /* TabBarController.swift */; };
		E3BF22B82BC7A399009F4876 /* ProfileViewController.swift in Sources */ = {isa = PBXBuildFile; fileRef = E3BF22B72BC7A399009F4876 /* ProfileViewController.swift */; };
		E3D2BBA12C0D62E300E47846 /* ImagesListCellDelegate.swift in Sources */ = {isa = PBXBuildFile; fileRef = E3D2BBA02C0D62E300E47846 /* ImagesListCellDelegate.swift */; };
		E3D84A932C1B1D18008D8258 /* WebViewViewControllerProtocol.swift in Sources */ = {isa = PBXBuildFile; fileRef = E3D84A922C1B1D18008D8258 /* WebViewViewControllerProtocol.swift */; };
		E3D84A962C1B1D70008D8258 /* WebViewPresenterProtocol.swift in Sources */ = {isa = PBXBuildFile; fileRef = E3D84A952C1B1D70008D8258 /* WebViewPresenterProtocol.swift */; };
		E3D84A982C1B1DD0008D8258 /* WebViewPresenter.swift in Sources */ = {isa = PBXBuildFile; fileRef = E3D84A972C1B1DD0008D8258 /* WebViewPresenter.swift */; };
		E3D84A9A2C1B53C5008D8258 /* AuthHelper.swift in Sources */ = {isa = PBXBuildFile; fileRef = E3D84A992C1B53C5008D8258 /* AuthHelper.swift */; };
		E3D84AA32C1B5746008D8258 /* WebViewTests.swift in Sources */ = {isa = PBXBuildFile; fileRef = E3D84AA22C1B5746008D8258 /* WebViewTests.swift */; };
		E3D84AAC2C1B584E008D8258 /* WebViewPresenterSpy.swift in Sources */ = {isa = PBXBuildFile; fileRef = E3D84AAB2C1B584E008D8258 /* WebViewPresenterSpy.swift */; };
		E3D84AAE2C1B59EA008D8258 /* WebViewViewControllerSpy.swift in Sources */ = {isa = PBXBuildFile; fileRef = E3D84AAD2C1B59EA008D8258 /* WebViewViewControllerSpy.swift */; };
		E3D84AB22C1B637B008D8258 /* ProfileViewPresenter.swift in Sources */ = {isa = PBXBuildFile; fileRef = E3D84AB12C1B637B008D8258 /* ProfileViewPresenter.swift */; };
		E3D84AB42C1B6390008D8258 /* ProfileViewPeresenterProtocol.swift in Sources */ = {isa = PBXBuildFile; fileRef = E3D84AB32C1B6390008D8258 /* ProfileViewPeresenterProtocol.swift */; };
		E3D84AB62C1B63AC008D8258 /* ProfileViewControllerProtocol.swift in Sources */ = {isa = PBXBuildFile; fileRef = E3D84AB52C1B63AC008D8258 /* ProfileViewControllerProtocol.swift */; };
		E3F272F32BDE16BD000A0523 /* AuthViewController.swift in Sources */ = {isa = PBXBuildFile; fileRef = E3F272F22BDE16BD000A0523 /* AuthViewController.swift */; };
		E3F272F52BDE1CEB000A0523 /* WebViewViewController.swift in Sources */ = {isa = PBXBuildFile; fileRef = E3F272F42BDE1CEB000A0523 /* WebViewViewController.swift */; };
		E3F412842BFA53D200881DCB /* Kingfisher in Frameworks */ = {isa = PBXBuildFile; productRef = E3F412832BFA53D200881DCB /* Kingfisher */; };
		E3F412872BFA57CF00881DCB /* SwiftKeychainWrapper in Frameworks */ = {isa = PBXBuildFile; productRef = E3F412862BFA57CF00881DCB /* SwiftKeychainWrapper */; };
		E3F9C7102C03087700BF469A /* ImageListConstants.swift in Sources */ = {isa = PBXBuildFile; fileRef = E3F9C70F2C03087700BF469A /* ImageListConstants.swift */; };
		E3FA97812BF47A450070B243 /* ProfileService.swift in Sources */ = {isa = PBXBuildFile; fileRef = E3FA97802BF47A450070B243 /* ProfileService.swift */; };
		E3FA97832BF47CE60070B243 /* ProfileResult.swift in Sources */ = {isa = PBXBuildFile; fileRef = E3FA97822BF47CE60070B243 /* ProfileResult.swift */; };
		E3FA97852BF48ECD0070B243 /* Profile.swift in Sources */ = {isa = PBXBuildFile; fileRef = E3FA97842BF48ECD0070B243 /* Profile.swift */; };
/* End PBXBuildFile section */

/* Begin PBXContainerItemProxy section */
		E3ACFC5B2BB5265300FCC311 /* PBXContainerItemProxy */ = {
			isa = PBXContainerItemProxy;
			containerPortal = E3ACFC322BB5265000FCC311 /* Project object */;
			proxyType = 1;
			remoteGlobalIDString = E3ACFC392BB5265000FCC311;
			remoteInfo = ImageFeed;
		};
		E3D84AA42C1B5746008D8258 /* PBXContainerItemProxy */ = {
			isa = PBXContainerItemProxy;
			containerPortal = E3ACFC322BB5265000FCC311 /* Project object */;
			proxyType = 1;
			remoteGlobalIDString = E3ACFC392BB5265000FCC311;
			remoteInfo = ImageFeed;
		};
/* End PBXContainerItemProxy section */

/* Begin PBXFileReference section */
		E314BD652BDCDDDE00543C78 /* AuthConfiguration.swift */ = {isa = PBXFileReference; lastKnownFileType = sourcecode.swift; path = AuthConfiguration.swift; sourceTree = "<group>"; };
		E3197AD62BC8057A007ECCB5 /* SingleImageViewController.swift */ = {isa = PBXFileReference; lastKnownFileType = sourcecode.swift; path = SingleImageViewController.swift; sourceTree = "<group>"; };
		E35E3CDD2BB8579A00C9FA5E /* ImagesListCell.swift */ = {isa = PBXFileReference; lastKnownFileType = sourcecode.swift; path = ImagesListCell.swift; sourceTree = "<group>"; };
		E365348F2BE0D444009815BF /* SplashViewController.swift */ = {isa = PBXFileReference; lastKnownFileType = sourcecode.swift; path = SplashViewController.swift; sourceTree = "<group>"; };
		E36CCBE22BDF512C0069DEDC /* OAuth2Service.swift */ = {isa = PBXFileReference; lastKnownFileType = sourcecode.swift; path = OAuth2Service.swift; sourceTree = "<group>"; };
		E36CCBE42BDF583E0069DEDC /* URLSession+data.swift */ = {isa = PBXFileReference; lastKnownFileType = sourcecode.swift; path = "URLSession+data.swift"; sourceTree = "<group>"; };
		E36CCBE62BDF5BB80069DEDC /* OAuthTokenResponseBody.swift */ = {isa = PBXFileReference; lastKnownFileType = sourcecode.swift; path = OAuthTokenResponseBody.swift; sourceTree = "<group>"; };
		E36CCBEB2BDF69100069DEDC /* OAuth2TokenStorage.swift */ = {isa = PBXFileReference; lastKnownFileType = sourcecode.swift; path = OAuth2TokenStorage.swift; sourceTree = "<group>"; };
		E3763F712BF3419800E85229 /* UIBlockingProgressHUD.swift */ = {isa = PBXFileReference; lastKnownFileType = sourcecode.swift; path = UIBlockingProgressHUD.swift; sourceTree = "<group>"; };
		E37D91352BFA3FB90069F213 /* WebViewConstatnts.swift */ = {isa = PBXFileReference; lastKnownFileType = sourcecode.swift; path = WebViewConstatnts.swift; sourceTree = "<group>"; };
		E37D91372BFA3FD50069F213 /* ProfileConstants.swift */ = {isa = PBXFileReference; lastKnownFileType = sourcecode.swift; path = ProfileConstants.swift; sourceTree = "<group>"; };
		E37D913A2BFA44900069F213 /* AlertPresenter.swift */ = {isa = PBXFileReference; lastKnownFileType = sourcecode.swift; path = AlertPresenter.swift; sourceTree = "<group>"; };
		E37D913C2BFA4ADC0069F213 /* AuthViewControllerDelegate.swift */ = {isa = PBXFileReference; lastKnownFileType = sourcecode.swift; path = AuthViewControllerDelegate.swift; sourceTree = "<group>"; };
		E387CEEB2C008A370069287C /* Photo.swift */ = {isa = PBXFileReference; lastKnownFileType = sourcecode.swift; path = Photo.swift; sourceTree = "<group>"; };
		E387CEED2C008A580069287C /* ImagesListService.swift */ = {isa = PBXFileReference; lastKnownFileType = sourcecode.swift; path = ImagesListService.swift; sourceTree = "<group>"; };
		E387CEEF2C009F500069287C /* PhotoResults.swift */ = {isa = PBXFileReference; lastKnownFileType = sourcecode.swift; path = PhotoResults.swift; sourceTree = "<group>"; };
		E38CA2272C120256004664E2 /* ProfileLogoutService.swift */ = {isa = PBXFileReference; lastKnownFileType = sourcecode.swift; path = ProfileLogoutService.swift; sourceTree = "<group>"; };
		E3A74C782BF6EEE700699185 /* ProfileImageService.swift */ = {isa = PBXFileReference; lastKnownFileType = sourcecode.swift; path = ProfileImageService.swift; sourceTree = "<group>"; };
		E3A74C7A2BF6F1BC00699185 /* ProfileImage.swift */ = {isa = PBXFileReference; lastKnownFileType = sourcecode.swift; path = ProfileImage.swift; sourceTree = "<group>"; };
		E3ACFC3A2BB5265000FCC311 /* ImageFeed.app */ = {isa = PBXFileReference; explicitFileType = wrapper.application; includeInIndex = 0; path = ImageFeed.app; sourceTree = BUILT_PRODUCTS_DIR; };
		E3ACFC3D2BB5265000FCC311 /* AppDelegate.swift */ = {isa = PBXFileReference; lastKnownFileType = sourcecode.swift; path = AppDelegate.swift; sourceTree = "<group>"; };
		E3ACFC3F2BB5265000FCC311 /* SceneDelegate.swift */ = {isa = PBXFileReference; lastKnownFileType = sourcecode.swift; path = SceneDelegate.swift; sourceTree = "<group>"; };
		E3ACFC412BB5265000FCC311 /* ImagesListViewController.swift */ = {isa = PBXFileReference; lastKnownFileType = sourcecode.swift; path = ImagesListViewController.swift; sourceTree = "<group>"; };
		E3ACFC442BB5265000FCC311 /* Base */ = {isa = PBXFileReference; lastKnownFileType = file.storyboard; name = Base; path = Base.lproj/Main.storyboard; sourceTree = "<group>"; };
		E3ACFC462BB5265200FCC311 /* Assets.xcassets */ = {isa = PBXFileReference; lastKnownFileType = folder.assetcatalog; path = Assets.xcassets; sourceTree = "<group>"; };
		E3ACFC492BB5265200FCC311 /* Base */ = {isa = PBXFileReference; lastKnownFileType = file.storyboard; name = Base; path = Base.lproj/LaunchScreen.storyboard; sourceTree = "<group>"; };
		E3ACFC4B2BB5265200FCC311 /* Info.plist */ = {isa = PBXFileReference; lastKnownFileType = text.plist.xml; path = Info.plist; sourceTree = "<group>"; };
		E3ACFC5A2BB5265300FCC311 /* ImageFeedUITests.xctest */ = {isa = PBXFileReference; explicitFileType = wrapper.cfbundle; includeInIndex = 0; path = ImageFeedUITests.xctest; sourceTree = BUILT_PRODUCTS_DIR; };
		E3ACFC5E2BB5265300FCC311 /* ImageFeedUITests.swift */ = {isa = PBXFileReference; lastKnownFileType = sourcecode.swift; path = ImageFeedUITests.swift; sourceTree = "<group>"; };
		E3ACFC602BB5265300FCC311 /* ImageFeedUITestsLaunchTests.swift */ = {isa = PBXFileReference; lastKnownFileType = sourcecode.swift; path = ImageFeedUITestsLaunchTests.swift; sourceTree = "<group>"; };
		E3B07E142BFB6560001C9317 /* TabBarController.swift */ = {isa = PBXFileReference; lastKnownFileType = sourcecode.swift; path = TabBarController.swift; sourceTree = "<group>"; };
		E3BF22B72BC7A399009F4876 /* ProfileViewController.swift */ = {isa = PBXFileReference; lastKnownFileType = sourcecode.swift; path = ProfileViewController.swift; sourceTree = "<group>"; };
		E3D2BBA02C0D62E300E47846 /* ImagesListCellDelegate.swift */ = {isa = PBXFileReference; lastKnownFileType = sourcecode.swift; path = ImagesListCellDelegate.swift; sourceTree = "<group>"; };
		E3D84A922C1B1D18008D8258 /* WebViewViewControllerProtocol.swift */ = {isa = PBXFileReference; lastKnownFileType = sourcecode.swift; path = WebViewViewControllerProtocol.swift; sourceTree = "<group>"; };
		E3D84A952C1B1D70008D8258 /* WebViewPresenterProtocol.swift */ = {isa = PBXFileReference; lastKnownFileType = sourcecode.swift; path = WebViewPresenterProtocol.swift; sourceTree = "<group>"; };
		E3D84A972C1B1DD0008D8258 /* WebViewPresenter.swift */ = {isa = PBXFileReference; lastKnownFileType = sourcecode.swift; path = WebViewPresenter.swift; sourceTree = "<group>"; };
		E3D84A992C1B53C5008D8258 /* AuthHelper.swift */ = {isa = PBXFileReference; lastKnownFileType = sourcecode.swift; path = AuthHelper.swift; sourceTree = "<group>"; };
		E3D84AA02C1B5746008D8258 /* WebViewTests.xctest */ = {isa = PBXFileReference; explicitFileType = wrapper.cfbundle; includeInIndex = 0; path = WebViewTests.xctest; sourceTree = BUILT_PRODUCTS_DIR; };
		E3D84AA22C1B5746008D8258 /* WebViewTests.swift */ = {isa = PBXFileReference; lastKnownFileType = sourcecode.swift; path = WebViewTests.swift; sourceTree = "<group>"; };
		E3D84AAB2C1B584E008D8258 /* WebViewPresenterSpy.swift */ = {isa = PBXFileReference; lastKnownFileType = sourcecode.swift; path = WebViewPresenterSpy.swift; sourceTree = "<group>"; };
		E3D84AAD2C1B59EA008D8258 /* WebViewViewControllerSpy.swift */ = {isa = PBXFileReference; lastKnownFileType = sourcecode.swift; path = WebViewViewControllerSpy.swift; sourceTree = "<group>"; };
		E3D84AB12C1B637B008D8258 /* ProfileViewPresenter.swift */ = {isa = PBXFileReference; lastKnownFileType = sourcecode.swift; path = ProfileViewPresenter.swift; sourceTree = "<group>"; };
		E3D84AB32C1B6390008D8258 /* ProfileViewPeresenterProtocol.swift */ = {isa = PBXFileReference; lastKnownFileType = sourcecode.swift; path = ProfileViewPeresenterProtocol.swift; sourceTree = "<group>"; };
		E3D84AB52C1B63AC008D8258 /* ProfileViewControllerProtocol.swift */ = {isa = PBXFileReference; lastKnownFileType = sourcecode.swift; path = ProfileViewControllerProtocol.swift; sourceTree = "<group>"; };
		E3F272F22BDE16BD000A0523 /* AuthViewController.swift */ = {isa = PBXFileReference; lastKnownFileType = sourcecode.swift; path = AuthViewController.swift; sourceTree = "<group>"; };
		E3F272F42BDE1CEB000A0523 /* WebViewViewController.swift */ = {isa = PBXFileReference; lastKnownFileType = sourcecode.swift; path = WebViewViewController.swift; sourceTree = "<group>"; };
		E3F9C70F2C03087700BF469A /* ImageListConstants.swift */ = {isa = PBXFileReference; lastKnownFileType = sourcecode.swift; path = ImageListConstants.swift; sourceTree = "<group>"; };
		E3FA97802BF47A450070B243 /* ProfileService.swift */ = {isa = PBXFileReference; lastKnownFileType = sourcecode.swift; path = ProfileService.swift; sourceTree = "<group>"; };
		E3FA97822BF47CE60070B243 /* ProfileResult.swift */ = {isa = PBXFileReference; lastKnownFileType = sourcecode.swift; path = ProfileResult.swift; sourceTree = "<group>"; };
		E3FA97842BF48ECD0070B243 /* Profile.swift */ = {isa = PBXFileReference; lastKnownFileType = sourcecode.swift; path = Profile.swift; sourceTree = "<group>"; };
/* End PBXFileReference section */

/* Begin PBXFrameworksBuildPhase section */
		E3ACFC372BB5265000FCC311 /* Frameworks */ = {
			isa = PBXFrameworksBuildPhase;
			buildActionMask = 2147483647;
			files = (
				E3F412842BFA53D200881DCB /* Kingfisher in Frameworks */,
				E34FB32A2BEDF67B008670A6 /* ProgressHUD in Frameworks */,
				E3F412872BFA57CF00881DCB /* SwiftKeychainWrapper in Frameworks */,
			);
			runOnlyForDeploymentPostprocessing = 0;
		};
		E3ACFC572BB5265300FCC311 /* Frameworks */ = {
			isa = PBXFrameworksBuildPhase;
			buildActionMask = 2147483647;
			files = (
			);
			runOnlyForDeploymentPostprocessing = 0;
		};
		E3D84A9D2C1B5746008D8258 /* Frameworks */ = {
			isa = PBXFrameworksBuildPhase;
			buildActionMask = 2147483647;
			files = (
			);
			runOnlyForDeploymentPostprocessing = 0;
		};
/* End PBXFrameworksBuildPhase section */

/* Begin PBXGroup section */
		E35E3CDF2BB857A000C9FA5E /* ImagesList */ = {
			isa = PBXGroup;
			children = (
				E387CEEA2C008A1C0069287C /* PhotoLayer */,
				E3ACFC412BB5265000FCC311 /* ImagesListViewController.swift */,
				E35E3CDD2BB8579A00C9FA5E /* ImagesListCell.swift */,
				E3D2BBA02C0D62E300E47846 /* ImagesListCellDelegate.swift */,
			);
			path = ImagesList;
			sourceTree = "<group>";
		};
		E3601C3B2BC9430600D54BF6 /* SingleImage */ = {
			isa = PBXGroup;
			children = (
				E3197AD62BC8057A007ECCB5 /* SingleImageViewController.swift */,
			);
			path = SingleImage;
			sourceTree = "<group>";
		};
		E36534912BE0D6DC009815BF /* ServiceAccessLayer */ = {
			isa = PBXGroup;
			children = (
				E36CCBEA2BDF68C80069DEDC /* OAuth */,
			);
			path = ServiceAccessLayer;
			sourceTree = "<group>";
		};
		E36534922BE0D704009815BF /* SplashView */ = {
			isa = PBXGroup;
			children = (
				E365348F2BE0D444009815BF /* SplashViewController.swift */,
			);
			path = SplashView;
			sourceTree = "<group>";
		};
		E36CCBE82BDF68B20069DEDC /* WebView */ = {
			isa = PBXGroup;
			children = (
				E3D84A9B2C1B54F4008D8258 /* Helper */,
				E3D84A942C1B1D4A008D8258 /* Controller */,
				E3D84A912C1B1CF2008D8258 /* Presenter */,
			);
			path = WebView;
			sourceTree = "<group>";
		};
		E36CCBEA2BDF68C80069DEDC /* OAuth */ = {
			isa = PBXGroup;
			children = (
				E37D91322BFA3A880069F213 /* Models */,
				E37D91312BFA3A790069F213 /* Service */,
			);
			path = OAuth;
			sourceTree = "<group>";
		};
		E37D91302BFA3A560069F213 /* Service */ = {
			isa = PBXGroup;
			children = (
				E3FA97802BF47A450070B243 /* ProfileService.swift */,
				E3A74C782BF6EEE700699185 /* ProfileImageService.swift */,
				E38CA2272C120256004664E2 /* ProfileLogoutService.swift */,
			);
			path = Service;
			sourceTree = "<group>";
		};
		E37D91312BFA3A790069F213 /* Service */ = {
			isa = PBXGroup;
			children = (
				E36CCBE22BDF512C0069DEDC /* OAuth2Service.swift */,
				E36CCBEB2BDF69100069DEDC /* OAuth2TokenStorage.swift */,
			);
			path = Service;
			sourceTree = "<group>";
		};
		E37D91322BFA3A880069F213 /* Models */ = {
			isa = PBXGroup;
			children = (
				E36CCBE62BDF5BB80069DEDC /* OAuthTokenResponseBody.swift */,
			);
			path = Models;
			sourceTree = "<group>";
		};
		E37D91342BFA3FA00069F213 /* API Helpers */ = {
			isa = PBXGroup;
			children = (
				E314BD652BDCDDDE00543C78 /* AuthConfiguration.swift */,
				E37D91372BFA3FD50069F213 /* ProfileConstants.swift */,
				E3F9C70F2C03087700BF469A /* ImageListConstants.swift */,
				E37D91352BFA3FB90069F213 /* WebViewConstatnts.swift */,
				E3763F712BF3419800E85229 /* UIBlockingProgressHUD.swift */,
			);
			path = "API Helpers";
			sourceTree = "<group>";
		};
		E37D91392BFA44800069F213 /* Alert */ = {
			isa = PBXGroup;
			children = (
				E37D913A2BFA44900069F213 /* AlertPresenter.swift */,
			);
			path = Alert;
			sourceTree = "<group>";
		};
		E387CEEA2C008A1C0069287C /* PhotoLayer */ = {
			isa = PBXGroup;
			children = (
				E387CEF22C009F6B0069287C /* Models */,
				E387CEF12C009F570069287C /* Service */,
			);
			path = PhotoLayer;
			sourceTree = "<group>";
		};
		E387CEF12C009F570069287C /* Service */ = {
			isa = PBXGroup;
			children = (
				E387CEED2C008A580069287C /* ImagesListService.swift */,
			);
			path = Service;
			sourceTree = "<group>";
		};
		E387CEF22C009F6B0069287C /* Models */ = {
			isa = PBXGroup;
			children = (
				E387CEEF2C009F500069287C /* PhotoResults.swift */,
				E387CEEB2C008A370069287C /* Photo.swift */,
			);
			path = Models;
			sourceTree = "<group>";
		};
		E3A74C762BF6EE4A00699185 /* Model */ = {
			isa = PBXGroup;
			children = (
				E3FA97842BF48ECD0070B243 /* Profile.swift */,
				E3FA97822BF47CE60070B243 /* ProfileResult.swift */,
				E3A74C7A2BF6F1BC00699185 /* ProfileImage.swift */,
			);
			path = Model;
			sourceTree = "<group>";
		};
		E3A74C772BF6EE8900699185 /* AuthView */ = {
			isa = PBXGroup;
			children = (
				E3F272F22BDE16BD000A0523 /* AuthViewController.swift */,
				E37D913C2BFA4ADC0069F213 /* AuthViewControllerDelegate.swift */,
			);
			path = AuthView;
			sourceTree = "<group>";
		};
		E3ACFC312BB5265000FCC311 = {
			isa = PBXGroup;
			children = (
				E3ACFC3C2BB5265000FCC311 /* ImageFeed */,
				E3ACFC5D2BB5265300FCC311 /* ImageFeedUITests */,
				E3D84AA12C1B5746008D8258 /* WebViewTests */,
				E3ACFC3B2BB5265000FCC311 /* Products */,
			);
			sourceTree = "<group>";
		};
		E3ACFC3B2BB5265000FCC311 /* Products */ = {
			isa = PBXGroup;
			children = (
				E3ACFC3A2BB5265000FCC311 /* ImageFeed.app */,
				E3ACFC5A2BB5265300FCC311 /* ImageFeedUITests.xctest */,
				E3D84AA02C1B5746008D8258 /* WebViewTests.xctest */,
			);
			name = Products;
			sourceTree = "<group>";
		};
		E3ACFC3C2BB5265000FCC311 /* ImageFeed */ = {
			isa = PBXGroup;
			children = (
				E3ACFC3D2BB5265000FCC311 /* AppDelegate.swift */,
				E3ACFC3F2BB5265000FCC311 /* SceneDelegate.swift */,
				E37D91392BFA44800069F213 /* Alert */,
				E37D91342BFA3FA00069F213 /* API Helpers */,
				E3F272F12BDE16A3000A0523 /* Auth */,
				E3B07E132BFB6533001C9317 /* TabBarController */,
				E36534922BE0D704009815BF /* SplashView */,
				E3DF2CE02BC7CA5D0078952A /* Profile */,
				E35E3CDF2BB857A000C9FA5E /* ImagesList */,
				E3601C3B2BC9430600D54BF6 /* SingleImage */,
				E3ACFC432BB5265000FCC311 /* Main.storyboard */,
				E3ACFC462BB5265200FCC311 /* Assets.xcassets */,
				E3ACFC482BB5265200FCC311 /* LaunchScreen.storyboard */,
				E3ACFC4B2BB5265200FCC311 /* Info.plist */,
			);
			path = ImageFeed;
			sourceTree = "<group>";
		};
		E3ACFC5D2BB5265300FCC311 /* ImageFeedUITests */ = {
			isa = PBXGroup;
			children = (
				E3ACFC5E2BB5265300FCC311 /* ImageFeedUITests.swift */,
				E3ACFC602BB5265300FCC311 /* ImageFeedUITestsLaunchTests.swift */,
			);
			path = ImageFeedUITests;
			sourceTree = "<group>";
		};
		E3B07E132BFB6533001C9317 /* TabBarController */ = {
			isa = PBXGroup;
			children = (
				E3B07E142BFB6560001C9317 /* TabBarController.swift */,
			);
			path = TabBarController;
			sourceTree = "<group>";
		};
		E3D84A912C1B1CF2008D8258 /* Presenter */ = {
			isa = PBXGroup;
			children = (
				E3D84A952C1B1D70008D8258 /* WebViewPresenterProtocol.swift */,
				E3D84A972C1B1DD0008D8258 /* WebViewPresenter.swift */,
			);
			path = Presenter;
			sourceTree = "<group>";
		};
		E3D84A942C1B1D4A008D8258 /* Controller */ = {
			isa = PBXGroup;
			children = (
				E3F272F42BDE1CEB000A0523 /* WebViewViewController.swift */,
				E3D84A922C1B1D18008D8258 /* WebViewViewControllerProtocol.swift */,
			);
			path = Controller;
			sourceTree = "<group>";
		};
		E3D84A9B2C1B54F4008D8258 /* Helper */ = {
			isa = PBXGroup;
			children = (
				E3D84A992C1B53C5008D8258 /* AuthHelper.swift */,
			);
			path = Helper;
			sourceTree = "<group>";
		};
		E3D84AA12C1B5746008D8258 /* WebViewTests */ = {
			isa = PBXGroup;
			children = (
				E3D84AA22C1B5746008D8258 /* WebViewTests.swift */,
				E3D84AAB2C1B584E008D8258 /* WebViewPresenterSpy.swift */,
				E3D84AAD2C1B59EA008D8258 /* WebViewViewControllerSpy.swift */,
			);
			path = WebViewTests;
			sourceTree = "<group>";
		};
		E3D84AAF2C1B635C008D8258 /* Controller */ = {
			isa = PBXGroup;
			children = (
				E3BF22B72BC7A399009F4876 /* ProfileViewController.swift */,
				E3D84AB52C1B63AC008D8258 /* ProfileViewControllerProtocol.swift */,
			);
			path = Controller;
			sourceTree = "<group>";
		};
		E3D84AB02C1B6363008D8258 /* Presenter */ = {
			isa = PBXGroup;
			children = (
				E3D84AB12C1B637B008D8258 /* ProfileViewPresenter.swift */,
				E3D84AB32C1B6390008D8258 /* ProfileViewPeresenterProtocol.swift */,
			);
			path = Presenter;
			sourceTree = "<group>";
		};
		E3DF2CE02BC7CA5D0078952A /* Profile */ = {
			isa = PBXGroup;
			children = (
				E3A74C762BF6EE4A00699185 /* Model */,
				E37D91302BFA3A560069F213 /* Service */,
				E3D84AB02C1B6363008D8258 /* Presenter */,
				E3D84AAF2C1B635C008D8258 /* Controller */,
			);
			path = Profile;
			sourceTree = "<group>";
		};
		E3F272F12BDE16A3000A0523 /* Auth */ = {
			isa = PBXGroup;
			children = (
				E36CCBE42BDF583E0069DEDC /* URLSession+data.swift */,
				E36534912BE0D6DC009815BF /* ServiceAccessLayer */,
				E3A74C772BF6EE8900699185 /* AuthView */,
				E36CCBE82BDF68B20069DEDC /* WebView */,
			);
			path = Auth;
			sourceTree = "<group>";
		};
/* End PBXGroup section */

/* Begin PBXNativeTarget section */
		E3ACFC392BB5265000FCC311 /* ImageFeed */ = {
			isa = PBXNativeTarget;
			buildConfigurationList = E3ACFC642BB5265300FCC311 /* Build configuration list for PBXNativeTarget "ImageFeed" */;
			buildPhases = (
				E3ACFC362BB5265000FCC311 /* Sources */,
				E3ACFC372BB5265000FCC311 /* Frameworks */,
				E3ACFC382BB5265000FCC311 /* Resources */,
			);
			buildRules = (
			);
			dependencies = (
			);
			name = ImageFeed;
			packageProductDependencies = (
				E34FB3292BEDF67B008670A6 /* ProgressHUD */,
				E3F412832BFA53D200881DCB /* Kingfisher */,
				E3F412862BFA57CF00881DCB /* SwiftKeychainWrapper */,
			);
			productName = ImageFeed;
			productReference = E3ACFC3A2BB5265000FCC311 /* ImageFeed.app */;
			productType = "com.apple.product-type.application";
		};
		E3ACFC592BB5265300FCC311 /* ImageFeedUITests */ = {
			isa = PBXNativeTarget;
			buildConfigurationList = E3ACFC6A2BB5265300FCC311 /* Build configuration list for PBXNativeTarget "ImageFeedUITests" */;
			buildPhases = (
				E3ACFC562BB5265300FCC311 /* Sources */,
				E3ACFC572BB5265300FCC311 /* Frameworks */,
				E3ACFC582BB5265300FCC311 /* Resources */,
			);
			buildRules = (
			);
			dependencies = (
				E3ACFC5C2BB5265300FCC311 /* PBXTargetDependency */,
			);
			name = ImageFeedUITests;
			productName = ImageFeedUITests;
			productReference = E3ACFC5A2BB5265300FCC311 /* ImageFeedUITests.xctest */;
			productType = "com.apple.product-type.bundle.ui-testing";
		};
		E3D84A9F2C1B5746008D8258 /* WebViewTests */ = {
			isa = PBXNativeTarget;
			buildConfigurationList = E3D84AA62C1B5746008D8258 /* Build configuration list for PBXNativeTarget "WebViewTests" */;
			buildPhases = (
				E3D84A9C2C1B5746008D8258 /* Sources */,
				E3D84A9D2C1B5746008D8258 /* Frameworks */,
				E3D84A9E2C1B5746008D8258 /* Resources */,
			);
			buildRules = (
			);
			dependencies = (
				E3D84AA52C1B5746008D8258 /* PBXTargetDependency */,
			);
			name = WebViewTests;
			productName = WebViewTests;
			productReference = E3D84AA02C1B5746008D8258 /* WebViewTests.xctest */;
			productType = "com.apple.product-type.bundle.unit-test";
		};
/* End PBXNativeTarget section */

/* Begin PBXProject section */
		E3ACFC322BB5265000FCC311 /* Project object */ = {
			isa = PBXProject;
			attributes = {
				BuildIndependentTargetsInParallel = 1;
				LastSwiftUpdateCheck = 1540;
				LastUpgradeCheck = 1510;
				TargetAttributes = {
					E3ACFC392BB5265000FCC311 = {
						CreatedOnToolsVersion = 15.1;
					};
					E3ACFC592BB5265300FCC311 = {
						CreatedOnToolsVersion = 15.1;
						TestTargetID = E3ACFC392BB5265000FCC311;
					};
					E3D84A9F2C1B5746008D8258 = {
						CreatedOnToolsVersion = 15.4;
						TestTargetID = E3ACFC392BB5265000FCC311;
					};
				};
			};
			buildConfigurationList = E3ACFC352BB5265000FCC311 /* Build configuration list for PBXProject "ImageFeed" */;
			compatibilityVersion = "Xcode 14.0";
			developmentRegion = en;
			hasScannedForEncodings = 0;
			knownRegions = (
				en,
				Base,
			);
			mainGroup = E3ACFC312BB5265000FCC311;
			packageReferences = (
				E34FB3282BEDF67A008670A6 /* XCRemoteSwiftPackageReference "ProgressHUD" */,
				E3F412822BFA53D200881DCB /* XCRemoteSwiftPackageReference "Kingfisher" */,
				E3F412852BFA57CF00881DCB /* XCRemoteSwiftPackageReference "SwiftKeychainWrapper" */,
			);
			productRefGroup = E3ACFC3B2BB5265000FCC311 /* Products */;
			projectDirPath = "";
			projectRoot = "";
			targets = (
				E3ACFC392BB5265000FCC311 /* ImageFeed */,
				E3ACFC592BB5265300FCC311 /* ImageFeedUITests */,
				E3D84A9F2C1B5746008D8258 /* WebViewTests */,
			);
		};
/* End PBXProject section */

/* Begin PBXResourcesBuildPhase section */
		E3ACFC382BB5265000FCC311 /* Resources */ = {
			isa = PBXResourcesBuildPhase;
			buildActionMask = 2147483647;
			files = (
				E3ACFC4A2BB5265200FCC311 /* LaunchScreen.storyboard in Resources */,
				E3ACFC472BB5265200FCC311 /* Assets.xcassets in Resources */,
				E3ACFC452BB5265000FCC311 /* Main.storyboard in Resources */,
			);
			runOnlyForDeploymentPostprocessing = 0;
		};
		E3ACFC582BB5265300FCC311 /* Resources */ = {
			isa = PBXResourcesBuildPhase;
			buildActionMask = 2147483647;
			files = (
			);
			runOnlyForDeploymentPostprocessing = 0;
		};
		E3D84A9E2C1B5746008D8258 /* Resources */ = {
			isa = PBXResourcesBuildPhase;
			buildActionMask = 2147483647;
			files = (
			);
			runOnlyForDeploymentPostprocessing = 0;
		};
/* End PBXResourcesBuildPhase section */

/* Begin PBXSourcesBuildPhase section */
		E3ACFC362BB5265000FCC311 /* Sources */ = {
			isa = PBXSourcesBuildPhase;
			buildActionMask = 2147483647;
			files = (
				E36CCBE72BDF5BB80069DEDC /* OAuthTokenResponseBody.swift in Sources */,
				E3D84AB22C1B637B008D8258 /* ProfileViewPresenter.swift in Sources */,
				E3FA97812BF47A450070B243 /* ProfileService.swift in Sources */,
				E38CA2282C120256004664E2 /* ProfileLogoutService.swift in Sources */,
				E3ACFC422BB5265000FCC311 /* ImagesListViewController.swift in Sources */,
				E3ACFC3E2BB5265000FCC311 /* AppDelegate.swift in Sources */,
				E36CCBE52BDF583E0069DEDC /* URLSession+data.swift in Sources */,
				E3BF22B82BC7A399009F4876 /* ProfileViewController.swift in Sources */,
				E387CEEC2C008A370069287C /* Photo.swift in Sources */,
				E3D84A982C1B1DD0008D8258 /* WebViewPresenter.swift in Sources */,
				E3D84A932C1B1D18008D8258 /* WebViewViewControllerProtocol.swift in Sources */,
				E37D913D2BFA4ADC0069F213 /* AuthViewControllerDelegate.swift in Sources */,
				E36534902BE0D444009815BF /* SplashViewController.swift in Sources */,
				E3D84A9A2C1B53C5008D8258 /* AuthHelper.swift in Sources */,
				E3FA97852BF48ECD0070B243 /* Profile.swift in Sources */,
				E35E3CDE2BB8579A00C9FA5E /* ImagesListCell.swift in Sources */,
				E3FA97832BF47CE60070B243 /* ProfileResult.swift in Sources */,
				E3F272F32BDE16BD000A0523 /* AuthViewController.swift in Sources */,
				E3A74C792BF6EEE700699185 /* ProfileImageService.swift in Sources */,
				E37D91362BFA3FB90069F213 /* WebViewConstatnts.swift in Sources */,
				E37D91382BFA3FD50069F213 /* ProfileConstants.swift in Sources */,
				E3763F722BF3419800E85229 /* UIBlockingProgressHUD.swift in Sources */,
				E37D913B2BFA44900069F213 /* AlertPresenter.swift in Sources */,
				E3A74C7B2BF6F1BC00699185 /* ProfileImage.swift in Sources */,
				E3D84AB62C1B63AC008D8258 /* ProfileViewControllerProtocol.swift in Sources */,
				E3B07E152BFB6560001C9317 /* TabBarController.swift in Sources */,
				E314BD662BDCDDDE00543C78 /* AuthConfiguration.swift in Sources */,
				E387CEF02C009F500069287C /* PhotoResults.swift in Sources */,
				E3197AD72BC8057A007ECCB5 /* SingleImageViewController.swift in Sources */,
				E387CEEE2C008A580069287C /* ImagesListService.swift in Sources */,
				E3F9C7102C03087700BF469A /* ImageListConstants.swift in Sources */,
				E3D84A962C1B1D70008D8258 /* WebViewPresenterProtocol.swift in Sources */,
				E3F272F52BDE1CEB000A0523 /* WebViewViewController.swift in Sources */,
				E3D2BBA12C0D62E300E47846 /* ImagesListCellDelegate.swift in Sources */,
				E36CCBE32BDF512C0069DEDC /* OAuth2Service.swift in Sources */,
				E3D84AB42C1B6390008D8258 /* ProfileViewPeresenterProtocol.swift in Sources */,
				E36CCBEC2BDF69100069DEDC /* OAuth2TokenStorage.swift in Sources */,
				E3ACFC402BB5265000FCC311 /* SceneDelegate.swift in Sources */,
			);
			runOnlyForDeploymentPostprocessing = 0;
		};
		E3ACFC562BB5265300FCC311 /* Sources */ = {
			isa = PBXSourcesBuildPhase;
			buildActionMask = 2147483647;
			files = (
				E3ACFC612BB5265300FCC311 /* ImageFeedUITestsLaunchTests.swift in Sources */,
				E3ACFC5F2BB5265300FCC311 /* ImageFeedUITests.swift in Sources */,
			);
			runOnlyForDeploymentPostprocessing = 0;
		};
		E3D84A9C2C1B5746008D8258 /* Sources */ = {
			isa = PBXSourcesBuildPhase;
			buildActionMask = 2147483647;
			files = (
				E3D84AA32C1B5746008D8258 /* WebViewTests.swift in Sources */,
				E3D84AAE2C1B59EA008D8258 /* WebViewViewControllerSpy.swift in Sources */,
				E3D84AAC2C1B584E008D8258 /* WebViewPresenterSpy.swift in Sources */,
			);
			runOnlyForDeploymentPostprocessing = 0;
		};
/* End PBXSourcesBuildPhase section */

/* Begin PBXTargetDependency section */
		E3ACFC5C2BB5265300FCC311 /* PBXTargetDependency */ = {
			isa = PBXTargetDependency;
			target = E3ACFC392BB5265000FCC311 /* ImageFeed */;
			targetProxy = E3ACFC5B2BB5265300FCC311 /* PBXContainerItemProxy */;
		};
		E3D84AA52C1B5746008D8258 /* PBXTargetDependency */ = {
			isa = PBXTargetDependency;
			target = E3ACFC392BB5265000FCC311 /* ImageFeed */;
			targetProxy = E3D84AA42C1B5746008D8258 /* PBXContainerItemProxy */;
		};
/* End PBXTargetDependency section */

/* Begin PBXVariantGroup section */
		E3ACFC432BB5265000FCC311 /* Main.storyboard */ = {
			isa = PBXVariantGroup;
			children = (
				E3ACFC442BB5265000FCC311 /* Base */,
			);
			name = Main.storyboard;
			sourceTree = "<group>";
		};
		E3ACFC482BB5265200FCC311 /* LaunchScreen.storyboard */ = {
			isa = PBXVariantGroup;
			children = (
				E3ACFC492BB5265200FCC311 /* Base */,
			);
			name = LaunchScreen.storyboard;
			sourceTree = "<group>";
		};
/* End PBXVariantGroup section */

/* Begin XCBuildConfiguration section */
		E3ACFC622BB5265300FCC311 /* Debug */ = {
			isa = XCBuildConfiguration;
			buildSettings = {
				ALWAYS_SEARCH_USER_PATHS = NO;
				ASSETCATALOG_COMPILER_GENERATE_SWIFT_ASSET_SYMBOL_EXTENSIONS = YES;
				CLANG_ANALYZER_NONNULL = YES;
				CLANG_ANALYZER_NUMBER_OBJECT_CONVERSION = YES_AGGRESSIVE;
				CLANG_CXX_LANGUAGE_STANDARD = "gnu++20";
				CLANG_ENABLE_MODULES = YES;
				CLANG_ENABLE_OBJC_ARC = YES;
				CLANG_ENABLE_OBJC_WEAK = YES;
				CLANG_WARN_BLOCK_CAPTURE_AUTORELEASING = YES;
				CLANG_WARN_BOOL_CONVERSION = YES;
				CLANG_WARN_COMMA = YES;
				CLANG_WARN_CONSTANT_CONVERSION = YES;
				CLANG_WARN_DEPRECATED_OBJC_IMPLEMENTATIONS = YES;
				CLANG_WARN_DIRECT_OBJC_ISA_USAGE = YES_ERROR;
				CLANG_WARN_DOCUMENTATION_COMMENTS = YES;
				CLANG_WARN_EMPTY_BODY = YES;
				CLANG_WARN_ENUM_CONVERSION = YES;
				CLANG_WARN_INFINITE_RECURSION = YES;
				CLANG_WARN_INT_CONVERSION = YES;
				CLANG_WARN_NON_LITERAL_NULL_CONVERSION = YES;
				CLANG_WARN_OBJC_IMPLICIT_RETAIN_SELF = YES;
				CLANG_WARN_OBJC_LITERAL_CONVERSION = YES;
				CLANG_WARN_OBJC_ROOT_CLASS = YES_ERROR;
				CLANG_WARN_QUOTED_INCLUDE_IN_FRAMEWORK_HEADER = YES;
				CLANG_WARN_RANGE_LOOP_ANALYSIS = YES;
				CLANG_WARN_STRICT_PROTOTYPES = YES;
				CLANG_WARN_SUSPICIOUS_MOVE = YES;
				CLANG_WARN_UNGUARDED_AVAILABILITY = YES_AGGRESSIVE;
				CLANG_WARN_UNREACHABLE_CODE = YES;
				CLANG_WARN__DUPLICATE_METHOD_MATCH = YES;
				COPY_PHASE_STRIP = NO;
				DEBUG_INFORMATION_FORMAT = dwarf;
				ENABLE_STRICT_OBJC_MSGSEND = YES;
				ENABLE_TESTABILITY = YES;
				ENABLE_USER_SCRIPT_SANDBOXING = YES;
				GCC_C_LANGUAGE_STANDARD = gnu17;
				GCC_DYNAMIC_NO_PIC = NO;
				GCC_NO_COMMON_BLOCKS = YES;
				GCC_OPTIMIZATION_LEVEL = 0;
				GCC_PREPROCESSOR_DEFINITIONS = (
					"DEBUG=1",
					"$(inherited)",
				);
				GCC_WARN_64_TO_32_BIT_CONVERSION = YES;
				GCC_WARN_ABOUT_RETURN_TYPE = YES_ERROR;
				GCC_WARN_UNDECLARED_SELECTOR = YES;
				GCC_WARN_UNINITIALIZED_AUTOS = YES_AGGRESSIVE;
				GCC_WARN_UNUSED_FUNCTION = YES;
				GCC_WARN_UNUSED_VARIABLE = YES;
				IPHONEOS_DEPLOYMENT_TARGET = 17.2;
				LOCALIZATION_PREFERS_STRING_CATALOGS = YES;
				MTL_ENABLE_DEBUG_INFO = INCLUDE_SOURCE;
				MTL_FAST_MATH = YES;
				ONLY_ACTIVE_ARCH = YES;
				SDKROOT = iphoneos;
				SWIFT_ACTIVE_COMPILATION_CONDITIONS = "DEBUG $(inherited)";
				SWIFT_OPTIMIZATION_LEVEL = "-Onone";
			};
			name = Debug;
		};
		E3ACFC632BB5265300FCC311 /* Release */ = {
			isa = XCBuildConfiguration;
			buildSettings = {
				ALWAYS_SEARCH_USER_PATHS = NO;
				ASSETCATALOG_COMPILER_GENERATE_SWIFT_ASSET_SYMBOL_EXTENSIONS = YES;
				CLANG_ANALYZER_NONNULL = YES;
				CLANG_ANALYZER_NUMBER_OBJECT_CONVERSION = YES_AGGRESSIVE;
				CLANG_CXX_LANGUAGE_STANDARD = "gnu++20";
				CLANG_ENABLE_MODULES = YES;
				CLANG_ENABLE_OBJC_ARC = YES;
				CLANG_ENABLE_OBJC_WEAK = YES;
				CLANG_WARN_BLOCK_CAPTURE_AUTORELEASING = YES;
				CLANG_WARN_BOOL_CONVERSION = YES;
				CLANG_WARN_COMMA = YES;
				CLANG_WARN_CONSTANT_CONVERSION = YES;
				CLANG_WARN_DEPRECATED_OBJC_IMPLEMENTATIONS = YES;
				CLANG_WARN_DIRECT_OBJC_ISA_USAGE = YES_ERROR;
				CLANG_WARN_DOCUMENTATION_COMMENTS = YES;
				CLANG_WARN_EMPTY_BODY = YES;
				CLANG_WARN_ENUM_CONVERSION = YES;
				CLANG_WARN_INFINITE_RECURSION = YES;
				CLANG_WARN_INT_CONVERSION = YES;
				CLANG_WARN_NON_LITERAL_NULL_CONVERSION = YES;
				CLANG_WARN_OBJC_IMPLICIT_RETAIN_SELF = YES;
				CLANG_WARN_OBJC_LITERAL_CONVERSION = YES;
				CLANG_WARN_OBJC_ROOT_CLASS = YES_ERROR;
				CLANG_WARN_QUOTED_INCLUDE_IN_FRAMEWORK_HEADER = YES;
				CLANG_WARN_RANGE_LOOP_ANALYSIS = YES;
				CLANG_WARN_STRICT_PROTOTYPES = YES;
				CLANG_WARN_SUSPICIOUS_MOVE = YES;
				CLANG_WARN_UNGUARDED_AVAILABILITY = YES_AGGRESSIVE;
				CLANG_WARN_UNREACHABLE_CODE = YES;
				CLANG_WARN__DUPLICATE_METHOD_MATCH = YES;
				COPY_PHASE_STRIP = NO;
				DEBUG_INFORMATION_FORMAT = "dwarf-with-dsym";
				ENABLE_NS_ASSERTIONS = NO;
				ENABLE_STRICT_OBJC_MSGSEND = YES;
				ENABLE_USER_SCRIPT_SANDBOXING = YES;
				GCC_C_LANGUAGE_STANDARD = gnu17;
				GCC_NO_COMMON_BLOCKS = YES;
				GCC_WARN_64_TO_32_BIT_CONVERSION = YES;
				GCC_WARN_ABOUT_RETURN_TYPE = YES_ERROR;
				GCC_WARN_UNDECLARED_SELECTOR = YES;
				GCC_WARN_UNINITIALIZED_AUTOS = YES_AGGRESSIVE;
				GCC_WARN_UNUSED_FUNCTION = YES;
				GCC_WARN_UNUSED_VARIABLE = YES;
				IPHONEOS_DEPLOYMENT_TARGET = 17.2;
				LOCALIZATION_PREFERS_STRING_CATALOGS = YES;
				MTL_ENABLE_DEBUG_INFO = NO;
				MTL_FAST_MATH = YES;
				SDKROOT = iphoneos;
				SWIFT_COMPILATION_MODE = wholemodule;
				VALIDATE_PRODUCT = YES;
			};
			name = Release;
		};
		E3ACFC652BB5265300FCC311 /* Debug */ = {
			isa = XCBuildConfiguration;
			buildSettings = {
				ASSETCATALOG_COMPILER_APPICON_NAME = AppIcon;
				ASSETCATALOG_COMPILER_GLOBAL_ACCENT_COLOR_NAME = AccentColor;
				CODE_SIGN_STYLE = Automatic;
				CURRENT_PROJECT_VERSION = 1;
				DEVELOPMENT_TEAM = VL29A4FUA4;
				GENERATE_INFOPLIST_FILE = YES;
				INFOPLIST_FILE = ImageFeed/Info.plist;
				INFOPLIST_KEY_UIApplicationSupportsIndirectInputEvents = YES;
				INFOPLIST_KEY_UILaunchStoryboardName = LaunchScreen;
				INFOPLIST_KEY_UIMainStoryboardFile = Main;
				INFOPLIST_KEY_UISupportedInterfaceOrientations = UIInterfaceOrientationPortrait;
				INFOPLIST_KEY_UISupportedInterfaceOrientations_iPad = "UIInterfaceOrientationLandscapeLeft UIInterfaceOrientationLandscapeRight UIInterfaceOrientationPortrait";
				IPHONEOS_DEPLOYMENT_TARGET = 13.0;
				LD_RUNPATH_SEARCH_PATHS = (
					"$(inherited)",
					"@executable_path/Frameworks",
				);
				MARKETING_VERSION = 1.0;
				PRODUCT_BUNDLE_IDENTIFIER = ru.yandex.ImageFeed;
				PRODUCT_NAME = "$(TARGET_NAME)";
				SUPPORTED_PLATFORMS = "iphoneos iphonesimulator";
				SUPPORTS_MACCATALYST = NO;
				SWIFT_EMIT_LOC_STRINGS = YES;
				SWIFT_VERSION = 5.0;
				TARGETED_DEVICE_FAMILY = 1;
			};
			name = Debug;
		};
		E3ACFC662BB5265300FCC311 /* Release */ = {
			isa = XCBuildConfiguration;
			buildSettings = {
				ASSETCATALOG_COMPILER_APPICON_NAME = AppIcon;
				ASSETCATALOG_COMPILER_GLOBAL_ACCENT_COLOR_NAME = AccentColor;
				CODE_SIGN_STYLE = Automatic;
				CURRENT_PROJECT_VERSION = 1;
				DEVELOPMENT_TEAM = VL29A4FUA4;
				GENERATE_INFOPLIST_FILE = YES;
				INFOPLIST_FILE = ImageFeed/Info.plist;
				INFOPLIST_KEY_UIApplicationSupportsIndirectInputEvents = YES;
				INFOPLIST_KEY_UILaunchStoryboardName = LaunchScreen;
				INFOPLIST_KEY_UIMainStoryboardFile = Main;
				INFOPLIST_KEY_UISupportedInterfaceOrientations = UIInterfaceOrientationPortrait;
				INFOPLIST_KEY_UISupportedInterfaceOrientations_iPad = "UIInterfaceOrientationLandscapeLeft UIInterfaceOrientationLandscapeRight UIInterfaceOrientationPortrait";
				IPHONEOS_DEPLOYMENT_TARGET = 13.0;
				LD_RUNPATH_SEARCH_PATHS = (
					"$(inherited)",
					"@executable_path/Frameworks",
				);
				MARKETING_VERSION = 1.0;
				PRODUCT_BUNDLE_IDENTIFIER = ru.yandex.ImageFeed;
				PRODUCT_NAME = "$(TARGET_NAME)";
				SUPPORTED_PLATFORMS = "iphoneos iphonesimulator";
				SUPPORTS_MACCATALYST = NO;
				SWIFT_EMIT_LOC_STRINGS = YES;
				SWIFT_VERSION = 5.0;
				TARGETED_DEVICE_FAMILY = 1;
			};
			name = Release;
		};
		E3ACFC6B2BB5265300FCC311 /* Debug */ = {
			isa = XCBuildConfiguration;
			buildSettings = {
				ALWAYS_EMBED_SWIFT_STANDARD_LIBRARIES = YES;
				CODE_SIGN_STYLE = Automatic;
				CURRENT_PROJECT_VERSION = 1;
				DEVELOPMENT_TEAM = VL29A4FUA4;
				GENERATE_INFOPLIST_FILE = YES;
				IPHONEOS_DEPLOYMENT_TARGET = 17.5;
				MARKETING_VERSION = 1.0;
				PRODUCT_BUNDLE_IDENTIFIER = ru.yandex.ImageFeedUITests;
				PRODUCT_NAME = "$(TARGET_NAME)";
				SWIFT_EMIT_LOC_STRINGS = NO;
				SWIFT_VERSION = 5.0;
				TARGETED_DEVICE_FAMILY = "1,2";
				TEST_TARGET_NAME = ImageFeed;
			};
			name = Debug;
		};
		E3ACFC6C2BB5265300FCC311 /* Release */ = {
			isa = XCBuildConfiguration;
			buildSettings = {
				ALWAYS_EMBED_SWIFT_STANDARD_LIBRARIES = YES;
				CODE_SIGN_STYLE = Automatic;
				CURRENT_PROJECT_VERSION = 1;
				DEVELOPMENT_TEAM = VL29A4FUA4;
				GENERATE_INFOPLIST_FILE = YES;
				IPHONEOS_DEPLOYMENT_TARGET = 17.5;
				MARKETING_VERSION = 1.0;
				PRODUCT_BUNDLE_IDENTIFIER = ru.yandex.ImageFeedUITests;
				PRODUCT_NAME = "$(TARGET_NAME)";
				SWIFT_EMIT_LOC_STRINGS = NO;
				SWIFT_VERSION = 5.0;
				TARGETED_DEVICE_FAMILY = "1,2";
				TEST_TARGET_NAME = ImageFeed;
			};
			name = Release;
		};
		E3D84AA72C1B5746008D8258 /* Debug */ = {
			isa = XCBuildConfiguration;
			buildSettings = {
				BUNDLE_LOADER = "$(TEST_HOST)";
				CODE_SIGN_STYLE = Automatic;
				CURRENT_PROJECT_VERSION = 1;
				DEVELOPMENT_TEAM = VL29A4FUA4;
				GENERATE_INFOPLIST_FILE = YES;
				IPHONEOS_DEPLOYMENT_TARGET = 17.5;
				MARKETING_VERSION = 1.0;
				PRODUCT_BUNDLE_IDENTIFIER = "ru.praktikum.Image-Feed.WebViewTests";
				PRODUCT_NAME = "$(TARGET_NAME)";
				SWIFT_EMIT_LOC_STRINGS = NO;
				SWIFT_VERSION = 5.0;
				TARGETED_DEVICE_FAMILY = "1,2";
				TEST_HOST = "$(BUILT_PRODUCTS_DIR)/ImageFeed.app/$(BUNDLE_EXECUTABLE_FOLDER_PATH)/ImageFeed";
			};
			name = Debug;
		};
		E3D84AA82C1B5746008D8258 /* Release */ = {
			isa = XCBuildConfiguration;
			buildSettings = {
				BUNDLE_LOADER = "$(TEST_HOST)";
				CODE_SIGN_STYLE = Automatic;
				CURRENT_PROJECT_VERSION = 1;
				DEVELOPMENT_TEAM = VL29A4FUA4;
				GENERATE_INFOPLIST_FILE = YES;
				IPHONEOS_DEPLOYMENT_TARGET = 17.5;
				MARKETING_VERSION = 1.0;
				PRODUCT_BUNDLE_IDENTIFIER = "ru.praktikum.Image-Feed.WebViewTests";
				PRODUCT_NAME = "$(TARGET_NAME)";
				SWIFT_EMIT_LOC_STRINGS = NO;
				SWIFT_VERSION = 5.0;
				TARGETED_DEVICE_FAMILY = "1,2";
				TEST_HOST = "$(BUILT_PRODUCTS_DIR)/ImageFeed.app/$(BUNDLE_EXECUTABLE_FOLDER_PATH)/ImageFeed";
			};
			name = Release;
		};
/* End XCBuildConfiguration section */

/* Begin XCConfigurationList section */
		E3ACFC352BB5265000FCC311 /* Build configuration list for PBXProject "ImageFeed" */ = {
			isa = XCConfigurationList;
			buildConfigurations = (
				E3ACFC622BB5265300FCC311 /* Debug */,
				E3ACFC632BB5265300FCC311 /* Release */,
			);
			defaultConfigurationIsVisible = 0;
			defaultConfigurationName = Release;
		};
		E3ACFC642BB5265300FCC311 /* Build configuration list for PBXNativeTarget "ImageFeed" */ = {
			isa = XCConfigurationList;
			buildConfigurations = (
				E3ACFC652BB5265300FCC311 /* Debug */,
				E3ACFC662BB5265300FCC311 /* Release */,
			);
			defaultConfigurationIsVisible = 0;
			defaultConfigurationName = Release;
		};
		E3ACFC6A2BB5265300FCC311 /* Build configuration list for PBXNativeTarget "ImageFeedUITests" */ = {
			isa = XCConfigurationList;
			buildConfigurations = (
				E3ACFC6B2BB5265300FCC311 /* Debug */,
				E3ACFC6C2BB5265300FCC311 /* Release */,
			);
			defaultConfigurationIsVisible = 0;
			defaultConfigurationName = Release;
		};
		E3D84AA62C1B5746008D8258 /* Build configuration list for PBXNativeTarget "WebViewTests" */ = {
			isa = XCConfigurationList;
			buildConfigurations = (
				E3D84AA72C1B5746008D8258 /* Debug */,
				E3D84AA82C1B5746008D8258 /* Release */,
			);
			defaultConfigurationIsVisible = 0;
			defaultConfigurationName = Release;
		};
/* End XCConfigurationList section */

/* Begin XCRemoteSwiftPackageReference section */
		E34FB3282BEDF67A008670A6 /* XCRemoteSwiftPackageReference "ProgressHUD" */ = {
			isa = XCRemoteSwiftPackageReference;
			repositoryURL = "https://github.com/relatedcode/ProgressHUD";
			requirement = {
				kind = exactVersion;
				version = 14.1.3;
			};
		};
		E3F412822BFA53D200881DCB /* XCRemoteSwiftPackageReference "Kingfisher" */ = {
			isa = XCRemoteSwiftPackageReference;
			repositoryURL = "https://github.com/onevcat/Kingfisher.git";
			requirement = {
				kind = upToNextMajorVersion;
				minimumVersion = 7.11.0;
			};
		};
		E3F412852BFA57CF00881DCB /* XCRemoteSwiftPackageReference "SwiftKeychainWrapper" */ = {
			isa = XCRemoteSwiftPackageReference;
			repositoryURL = "https://github.com/jrendel/SwiftKeychainWrapper.git";
			requirement = {
				kind = upToNextMajorVersion;
				minimumVersion = 4.0.1;
			};
		};
/* End XCRemoteSwiftPackageReference section */

/* Begin XCSwiftPackageProductDependency section */
		E34FB3292BEDF67B008670A6 /* ProgressHUD */ = {
			isa = XCSwiftPackageProductDependency;
			package = E34FB3282BEDF67A008670A6 /* XCRemoteSwiftPackageReference "ProgressHUD" */;
			productName = ProgressHUD;
		};
		E3F412832BFA53D200881DCB /* Kingfisher */ = {
			isa = XCSwiftPackageProductDependency;
			package = E3F412822BFA53D200881DCB /* XCRemoteSwiftPackageReference "Kingfisher" */;
			productName = Kingfisher;
		};
		E3F412862BFA57CF00881DCB /* SwiftKeychainWrapper */ = {
			isa = XCSwiftPackageProductDependency;
			package = E3F412852BFA57CF00881DCB /* XCRemoteSwiftPackageReference "SwiftKeychainWrapper" */;
			productName = SwiftKeychainWrapper;
		};
/* End XCSwiftPackageProductDependency section */
	};
	rootObject = E3ACFC322BB5265000FCC311 /* Project object */;
}
