// !$*UTF8*$!
{
	archiveVersion = 1;
	classes = {
	};
	objectVersion = 56;
	objects = {

/* Begin PBXBuildFile section */
		E314BD662BDCDDDE00543C78 /* Constants.swift in Sources */ = {isa = PBXBuildFile; fileRef = E314BD652BDCDDDE00543C78 /* Constants.swift */; };
		E3197AD72BC8057A007ECCB5 /* SingleImageViewController.swift in Sources */ = {isa = PBXBuildFile; fileRef = E3197AD62BC8057A007ECCB5 /* SingleImageViewController.swift */; };
		E35E3CDE2BB8579A00C9FA5E /* ImagesListCell.swift in Sources */ = {isa = PBXBuildFile; fileRef = E35E3CDD2BB8579A00C9FA5E /* ImagesListCell.swift */; };
		E36CCBE32BDF512C0069DEDC /* OAuth2Service.swift in Sources */ = {isa = PBXBuildFile; fileRef = E36CCBE22BDF512C0069DEDC /* OAuth2Service.swift */; };
		E36CCBE52BDF583E0069DEDC /* URLSession+data.swift in Sources */ = {isa = PBXBuildFile; fileRef = E36CCBE42BDF583E0069DEDC /* URLSession+data.swift */; };
		E36CCBE72BDF5BB80069DEDC /* OAuthTokenResponseBody.swift in Sources */ = {isa = PBXBuildFile; fileRef = E36CCBE62BDF5BB80069DEDC /* OAuthTokenResponseBody.swift */; };
		E36CCBEC2BDF69100069DEDC /* OAuth2TokenStorage.swift in Sources */ = {isa = PBXBuildFile; fileRef = E36CCBEB2BDF69100069DEDC /* OAuth2TokenStorage.swift */; };
		E3ACFC3E2BB5265000FCC311 /* AppDelegate.swift in Sources */ = {isa = PBXBuildFile; fileRef = E3ACFC3D2BB5265000FCC311 /* AppDelegate.swift */; };
		E3ACFC402BB5265000FCC311 /* SceneDelegate.swift in Sources */ = {isa = PBXBuildFile; fileRef = E3ACFC3F2BB5265000FCC311 /* SceneDelegate.swift */; };
		E3ACFC422BB5265000FCC311 /* ImagesListViewController.swift in Sources */ = {isa = PBXBuildFile; fileRef = E3ACFC412BB5265000FCC311 /* ImagesListViewController.swift */; };
		E3ACFC452BB5265000FCC311 /* Main.storyboard in Resources */ = {isa = PBXBuildFile; fileRef = E3ACFC432BB5265000FCC311 /* Main.storyboard */; };
		E3ACFC472BB5265200FCC311 /* Assets.xcassets in Resources */ = {isa = PBXBuildFile; fileRef = E3ACFC462BB5265200FCC311 /* Assets.xcassets */; };
		E3ACFC4A2BB5265200FCC311 /* LaunchScreen.storyboard in Resources */ = {isa = PBXBuildFile; fileRef = E3ACFC482BB5265200FCC311 /* LaunchScreen.storyboard */; };
		E3ACFC552BB5265300FCC311 /* ImageFeedTests.swift in Sources */ = {isa = PBXBuildFile; fileRef = E3ACFC542BB5265300FCC311 /* ImageFeedTests.swift */; };
		E3ACFC5F2BB5265300FCC311 /* ImageFeedUITests.swift in Sources */ = {isa = PBXBuildFile; fileRef = E3ACFC5E2BB5265300FCC311 /* ImageFeedUITests.swift */; };
		E3ACFC612BB5265300FCC311 /* ImageFeedUITestsLaunchTests.swift in Sources */ = {isa = PBXBuildFile; fileRef = E3ACFC602BB5265300FCC311 /* ImageFeedUITestsLaunchTests.swift */; };
		E3BF22B82BC7A399009F4876 /* ProfileViewController.swift in Sources */ = {isa = PBXBuildFile; fileRef = E3BF22B72BC7A399009F4876 /* ProfileViewController.swift */; };
		E3F272F32BDE16BD000A0523 /* AuthViewController.swift in Sources */ = {isa = PBXBuildFile; fileRef = E3F272F22BDE16BD000A0523 /* AuthViewController.swift */; };
		E3F272F52BDE1CEB000A0523 /* WebViewViewController.swift in Sources */ = {isa = PBXBuildFile; fileRef = E3F272F42BDE1CEB000A0523 /* WebViewViewController.swift */; };
/* End PBXBuildFile section */

/* Begin PBXContainerItemProxy section */
		E3ACFC512BB5265300FCC311 /* PBXContainerItemProxy */ = {
			isa = PBXContainerItemProxy;
			containerPortal = E3ACFC322BB5265000FCC311 /* Project object */;
			proxyType = 1;
			remoteGlobalIDString = E3ACFC392BB5265000FCC311;
			remoteInfo = ImageFeed;
		};
		E3ACFC5B2BB5265300FCC311 /* PBXContainerItemProxy */ = {
			isa = PBXContainerItemProxy;
			containerPortal = E3ACFC322BB5265000FCC311 /* Project object */;
			proxyType = 1;
			remoteGlobalIDString = E3ACFC392BB5265000FCC311;
			remoteInfo = ImageFeed;
		};
/* End PBXContainerItemProxy section */

/* Begin PBXFileReference section */
		E314BD652BDCDDDE00543C78 /* Constants.swift */ = {isa = PBXFileReference; lastKnownFileType = sourcecode.swift; path = Constants.swift; sourceTree = "<group>"; };
		E3197AD62BC8057A007ECCB5 /* SingleImageViewController.swift */ = {isa = PBXFileReference; lastKnownFileType = sourcecode.swift; path = SingleImageViewController.swift; sourceTree = "<group>"; };
		E35E3CDD2BB8579A00C9FA5E /* ImagesListCell.swift */ = {isa = PBXFileReference; lastKnownFileType = sourcecode.swift; path = ImagesListCell.swift; sourceTree = "<group>"; };
		E36CCBE22BDF512C0069DEDC /* OAuth2Service.swift */ = {isa = PBXFileReference; lastKnownFileType = sourcecode.swift; path = OAuth2Service.swift; sourceTree = "<group>"; };
		E36CCBE42BDF583E0069DEDC /* URLSession+data.swift */ = {isa = PBXFileReference; lastKnownFileType = sourcecode.swift; path = "URLSession+data.swift"; sourceTree = "<group>"; };
		E36CCBE62BDF5BB80069DEDC /* OAuthTokenResponseBody.swift */ = {isa = PBXFileReference; lastKnownFileType = sourcecode.swift; path = OAuthTokenResponseBody.swift; sourceTree = "<group>"; };
		E36CCBEB2BDF69100069DEDC /* OAuth2TokenStorage.swift */ = {isa = PBXFileReference; lastKnownFileType = sourcecode.swift; path = OAuth2TokenStorage.swift; sourceTree = "<group>"; };
		E3ACFC3A2BB5265000FCC311 /* ImageFeed.app */ = {isa = PBXFileReference; explicitFileType = wrapper.application; includeInIndex = 0; path = ImageFeed.app; sourceTree = BUILT_PRODUCTS_DIR; };
		E3ACFC3D2BB5265000FCC311 /* AppDelegate.swift */ = {isa = PBXFileReference; lastKnownFileType = sourcecode.swift; path = AppDelegate.swift; sourceTree = "<group>"; };
		E3ACFC3F2BB5265000FCC311 /* SceneDelegate.swift */ = {isa = PBXFileReference; lastKnownFileType = sourcecode.swift; path = SceneDelegate.swift; sourceTree = "<group>"; };
		E3ACFC412BB5265000FCC311 /* ImagesListViewController.swift */ = {isa = PBXFileReference; lastKnownFileType = sourcecode.swift; path = ImagesListViewController.swift; sourceTree = "<group>"; };
		E3ACFC442BB5265000FCC311 /* Base */ = {isa = PBXFileReference; lastKnownFileType = file.storyboard; name = Base; path = Base.lproj/Main.storyboard; sourceTree = "<group>"; };
		E3ACFC462BB5265200FCC311 /* Assets.xcassets */ = {isa = PBXFileReference; lastKnownFileType = folder.assetcatalog; path = Assets.xcassets; sourceTree = "<group>"; };
		E3ACFC492BB5265200FCC311 /* Base */ = {isa = PBXFileReference; lastKnownFileType = file.storyboard; name = Base; path = Base.lproj/LaunchScreen.storyboard; sourceTree = "<group>"; };
		E3ACFC4B2BB5265200FCC311 /* Info.plist */ = {isa = PBXFileReference; lastKnownFileType = text.plist.xml; path = Info.plist; sourceTree = "<group>"; };
		E3ACFC502BB5265300FCC311 /* ImageFeedTests.xctest */ = {isa = PBXFileReference; explicitFileType = wrapper.cfbundle; includeInIndex = 0; path = ImageFeedTests.xctest; sourceTree = BUILT_PRODUCTS_DIR; };
		E3ACFC542BB5265300FCC311 /* ImageFeedTests.swift */ = {isa = PBXFileReference; lastKnownFileType = sourcecode.swift; path = ImageFeedTests.swift; sourceTree = "<group>"; };
		E3ACFC5A2BB5265300FCC311 /* ImageFeedUITests.xctest */ = {isa = PBXFileReference; explicitFileType = wrapper.cfbundle; includeInIndex = 0; path = ImageFeedUITests.xctest; sourceTree = BUILT_PRODUCTS_DIR; };
		E3ACFC5E2BB5265300FCC311 /* ImageFeedUITests.swift */ = {isa = PBXFileReference; lastKnownFileType = sourcecode.swift; path = ImageFeedUITests.swift; sourceTree = "<group>"; };
		E3ACFC602BB5265300FCC311 /* ImageFeedUITestsLaunchTests.swift */ = {isa = PBXFileReference; lastKnownFileType = sourcecode.swift; path = ImageFeedUITestsLaunchTests.swift; sourceTree = "<group>"; };
		E3BF22B72BC7A399009F4876 /* ProfileViewController.swift */ = {isa = PBXFileReference; lastKnownFileType = sourcecode.swift; path = ProfileViewController.swift; sourceTree = "<group>"; };
		E3F272F22BDE16BD000A0523 /* AuthViewController.swift */ = {isa = PBXFileReference; lastKnownFileType = sourcecode.swift; path = AuthViewController.swift; sourceTree = "<group>"; };
		E3F272F42BDE1CEB000A0523 /* WebViewViewController.swift */ = {isa = PBXFileReference; lastKnownFileType = sourcecode.swift; path = WebViewViewController.swift; sourceTree = "<group>"; };
/* End PBXFileReference section */

/* Begin PBXFrameworksBuildPhase section */
		E3ACFC372BB5265000FCC311 /* Frameworks */ = {
			isa = PBXFrameworksBuildPhase;
			buildActionMask = 2147483647;
			files = (
			);
			runOnlyForDeploymentPostprocessing = 0;
		};
		E3ACFC4D2BB5265200FCC311 /* Frameworks */ = {
			isa = PBXFrameworksBuildPhase;
			buildActionMask = 2147483647;
			files = (
			);
			runOnlyForDeploymentPostprocessing = 0;
		};
		E3ACFC572BB5265300FCC311 /* Frameworks */ = {
			isa = PBXFrameworksBuildPhase;
			buildActionMask = 2147483647;
			files = (
			);
			runOnlyForDeploymentPostprocessing = 0;
		};
/* End PBXFrameworksBuildPhase section */

/* Begin PBXGroup section */
		E35E3CDF2BB857A000C9FA5E /* ImagesList */ = {
			isa = PBXGroup;
			children = (
				E3ACFC412BB5265000FCC311 /* ImagesListViewController.swift */,
				E35E3CDD2BB8579A00C9FA5E /* ImagesListCell.swift */,
			);
			path = ImagesList;
			sourceTree = "<group>";
		};
		E3601C3B2BC9430600D54BF6 /* SingleImage */ = {
			isa = PBXGroup;
			children = (
				E3197AD62BC8057A007ECCB5 /* SingleImageViewController.swift */,
			);
			path = SingleImage;
			sourceTree = "<group>";
		};
		E36CCBE82BDF68B20069DEDC /* WebView */ = {
			isa = PBXGroup;
			children = (
				E3F272F42BDE1CEB000A0523 /* WebViewViewController.swift */,
				E3F272F22BDE16BD000A0523 /* AuthViewController.swift */,
			);
			path = WebView;
			sourceTree = "<group>";
		};
		E36CCBEA2BDF68C80069DEDC /* OAuth */ = {
			isa = PBXGroup;
			children = (
				E36CCBE22BDF512C0069DEDC /* OAuth2Service.swift */,
				E36CCBE62BDF5BB80069DEDC /* OAuthTokenResponseBody.swift */,
				E36CCBE42BDF583E0069DEDC /* URLSession+data.swift */,
				E36CCBEB2BDF69100069DEDC /* OAuth2TokenStorage.swift */,
			);
			path = OAuth;
			sourceTree = "<group>";
		};
		E3ACFC312BB5265000FCC311 = {
			isa = PBXGroup;
			children = (
				E3ACFC3C2BB5265000FCC311 /* ImageFeed */,
				E3ACFC532BB5265300FCC311 /* ImageFeedTests */,
				E3ACFC5D2BB5265300FCC311 /* ImageFeedUITests */,
				E3ACFC3B2BB5265000FCC311 /* Products */,
			);
			sourceTree = "<group>";
		};
		E3ACFC3B2BB5265000FCC311 /* Products */ = {
			isa = PBXGroup;
			children = (
				E3ACFC3A2BB5265000FCC311 /* ImageFeed.app */,
				E3ACFC502BB5265300FCC311 /* ImageFeedTests.xctest */,
				E3ACFC5A2BB5265300FCC311 /* ImageFeedUITests.xctest */,
			);
			name = Products;
			sourceTree = "<group>";
		};
		E3ACFC3C2BB5265000FCC311 /* ImageFeed */ = {
			isa = PBXGroup;
			children = (
				E3ACFC3D2BB5265000FCC311 /* AppDelegate.swift */,
				E3ACFC3F2BB5265000FCC311 /* SceneDelegate.swift */,
				E314BD652BDCDDDE00543C78 /* Constants.swift */,
				E3F272F12BDE16A3000A0523 /* Auth */,
				E3601C3B2BC9430600D54BF6 /* SingleImage */,
				E3DF2CE02BC7CA5D0078952A /* Profile */,
				E35E3CDF2BB857A000C9FA5E /* ImagesList */,
				E3ACFC432BB5265000FCC311 /* Main.storyboard */,
				E3ACFC462BB5265200FCC311 /* Assets.xcassets */,
				E3ACFC482BB5265200FCC311 /* LaunchScreen.storyboard */,
				E3ACFC4B2BB5265200FCC311 /* Info.plist */,
			);
			path = ImageFeed;
			sourceTree = "<group>";
		};
		E3ACFC532BB5265300FCC311 /* ImageFeedTests */ = {
			isa = PBXGroup;
			children = (
				E3ACFC542BB5265300FCC311 /* ImageFeedTests.swift */,
			);
			path = ImageFeedTests;
			sourceTree = "<group>";
		};
		E3ACFC5D2BB5265300FCC311 /* ImageFeedUITests */ = {
			isa = PBXGroup;
			children = (
				E3ACFC5E2BB5265300FCC311 /* ImageFeedUITests.swift */,
				E3ACFC602BB5265300FCC311 /* ImageFeedUITestsLaunchTests.swift */,
			);
			path = ImageFeedUITests;
			sourceTree = "<group>";
		};
		E3DF2CE02BC7CA5D0078952A /* Profile */ = {
			isa = PBXGroup;
			children = (
				E3BF22B72BC7A399009F4876 /* ProfileViewController.swift */,
			);
			path = Profile;
			sourceTree = "<group>";
		};
		E3F272F12BDE16A3000A0523 /* Auth */ = {
			isa = PBXGroup;
			children = (
				E36CCBE82BDF68B20069DEDC /* WebView */,
				E36CCBEA2BDF68C80069DEDC /* OAuth */,
			);
			path = Auth;
			sourceTree = "<group>";
		};
/* End PBXGroup section */

/* Begin PBXNativeTarget section */
		E3ACFC392BB5265000FCC311 /* ImageFeed */ = {
			isa = PBXNativeTarget;
			buildConfigurationList = E3ACFC642BB5265300FCC311 /* Build configuration list for PBXNativeTarget "ImageFeed" */;
			buildPhases = (
				E3ACFC362BB5265000FCC311 /* Sources */,
				E3ACFC372BB5265000FCC311 /* Frameworks */,
				E3ACFC382BB5265000FCC311 /* Resources */,
			);
			buildRules = (
			);
			dependencies = (
			);
			name = ImageFeed;
			productName = ImageFeed;
			productReference = E3ACFC3A2BB5265000FCC311 /* ImageFeed.app */;
			productType = "com.apple.product-type.application";
		};
		E3ACFC4F2BB5265200FCC311 /* ImageFeedTests */ = {
			isa = PBXNativeTarget;
			buildConfigurationList = E3ACFC672BB5265300FCC311 /* Build configuration list for PBXNativeTarget "ImageFeedTests" */;
			buildPhases = (
				E3ACFC4C2BB5265200FCC311 /* Sources */,
				E3ACFC4D2BB5265200FCC311 /* Frameworks */,
				E3ACFC4E2BB5265200FCC311 /* Resources */,
			);
			buildRules = (
			);
			dependencies = (
				E3ACFC522BB5265300FCC311 /* PBXTargetDependency */,
			);
			name = ImageFeedTests;
			productName = ImageFeedTests;
			productReference = E3ACFC502BB5265300FCC311 /* ImageFeedTests.xctest */;
			productType = "com.apple.product-type.bundle.unit-test";
		};
		E3ACFC592BB5265300FCC311 /* ImageFeedUITests */ = {
			isa = PBXNativeTarget;
			buildConfigurationList = E3ACFC6A2BB5265300FCC311 /* Build configuration list for PBXNativeTarget "ImageFeedUITests" */;
			buildPhases = (
				E3ACFC562BB5265300FCC311 /* Sources */,
				E3ACFC572BB5265300FCC311 /* Frameworks */,
				E3ACFC582BB5265300FCC311 /* Resources */,
			);
			buildRules = (
			);
			dependencies = (
				E3ACFC5C2BB5265300FCC311 /* PBXTargetDependency */,
			);
			name = ImageFeedUITests;
			productName = ImageFeedUITests;
			productReference = E3ACFC5A2BB5265300FCC311 /* ImageFeedUITests.xctest */;
			productType = "com.apple.product-type.bundle.ui-testing";
		};
/* End PBXNativeTarget section */

/* Begin PBXProject section */
		E3ACFC322BB5265000FCC311 /* Project object */ = {
			isa = PBXProject;
			attributes = {
				BuildIndependentTargetsInParallel = 1;
				LastSwiftUpdateCheck = 1510;
				LastUpgradeCheck = 1510;
				TargetAttributes = {
					E3ACFC392BB5265000FCC311 = {
						CreatedOnToolsVersion = 15.1;
					};
					E3ACFC4F2BB5265200FCC311 = {
						CreatedOnToolsVersion = 15.1;
						TestTargetID = E3ACFC392BB5265000FCC311;
					};
					E3ACFC592BB5265300FCC311 = {
						CreatedOnToolsVersion = 15.1;
						TestTargetID = E3ACFC392BB5265000FCC311;
					};
				};
			};
			buildConfigurationList = E3ACFC352BB5265000FCC311 /* Build configuration list for PBXProject "ImageFeed" */;
			compatibilityVersion = "Xcode 14.0";
			developmentRegion = en;
			hasScannedForEncodings = 0;
			knownRegions = (
				en,
				Base,
			);
			mainGroup = E3ACFC312BB5265000FCC311;
			productRefGroup = E3ACFC3B2BB5265000FCC311 /* Products */;
			projectDirPath = "";
			projectRoot = "";
			targets = (
				E3ACFC392BB5265000FCC311 /* ImageFeed */,
				E3ACFC4F2BB5265200FCC311 /* ImageFeedTests */,
				E3ACFC592BB5265300FCC311 /* ImageFeedUITests */,
			);
		};
/* End PBXProject section */

/* Begin PBXResourcesBuildPhase section */
		E3ACFC382BB5265000FCC311 /* Resources */ = {
			isa = PBXResourcesBuildPhase;
			buildActionMask = 2147483647;
			files = (
				E3ACFC4A2BB5265200FCC311 /* LaunchScreen.storyboard in Resources */,
				E3ACFC472BB5265200FCC311 /* Assets.xcassets in Resources */,
				E3ACFC452BB5265000FCC311 /* Main.storyboard in Resources */,
			);
			runOnlyForDeploymentPostprocessing = 0;
		};
		E3ACFC4E2BB5265200FCC311 /* Resources */ = {
			isa = PBXResourcesBuildPhase;
			buildActionMask = 2147483647;
			files = (
			);
			runOnlyForDeploymentPostprocessing = 0;
		};
		E3ACFC582BB5265300FCC311 /* Resources */ = {
			isa = PBXResourcesBuildPhase;
			buildActionMask = 2147483647;
			files = (
			);
			runOnlyForDeploymentPostprocessing = 0;
		};
/* End PBXResourcesBuildPhase section */

/* Begin PBXSourcesBuildPhase section */
		E3ACFC362BB5265000FCC311 /* Sources */ = {
			isa = PBXSourcesBuildPhase;
			buildActionMask = 2147483647;
			files = (
				E36CCBE72BDF5BB80069DEDC /* OAuthTokenResponseBody.swift in Sources */,
				E3ACFC422BB5265000FCC311 /* ImagesListViewController.swift in Sources */,
				E3ACFC3E2BB5265000FCC311 /* AppDelegate.swift in Sources */,
				E36CCBE52BDF583E0069DEDC /* URLSession+data.swift in Sources */,
				E3BF22B82BC7A399009F4876 /* ProfileViewController.swift in Sources */,
				E35E3CDE2BB8579A00C9FA5E /* ImagesListCell.swift in Sources */,
				E3F272F32BDE16BD000A0523 /* AuthViewController.swift in Sources */,
				E314BD662BDCDDDE00543C78 /* Constants.swift in Sources */,
				E3197AD72BC8057A007ECCB5 /* SingleImageViewController.swift in Sources */,
				E3F272F52BDE1CEB000A0523 /* WebViewViewController.swift in Sources */,
				E36CCBE32BDF512C0069DEDC /* OAuth2Service.swift in Sources */,
				E36CCBEC2BDF69100069DEDC /* OAuth2TokenStorage.swift in Sources */,
				E3ACFC402BB5265000FCC311 /* SceneDelegate.swift in Sources */,
			);
			runOnlyForDeploymentPostprocessing = 0;
		};
		E3ACFC4C2BB5265200FCC311 /* Sources */ = {
			isa = PBXSourcesBuildPhase;
			buildActionMask = 2147483647;
			files = (
				E3ACFC552BB5265300FCC311 /* ImageFeedTests.swift in Sources */,
			);
			runOnlyForDeploymentPostprocessing = 0;
		};
		E3ACFC562BB5265300FCC311 /* Sources */ = {
			isa = PBXSourcesBuildPhase;
			buildActionMask = 2147483647;
			files = (
				E3ACFC612BB5265300FCC311 /* ImageFeedUITestsLaunchTests.swift in Sources */,
				E3ACFC5F2BB5265300FCC311 /* ImageFeedUITests.swift in Sources */,
			);
			runOnlyForDeploymentPostprocessing = 0;
		};
/* End PBXSourcesBuildPhase section */

/* Begin PBXTargetDependency section */
		E3ACFC522BB5265300FCC311 /* PBXTargetDependency */ = {
			isa = PBXTargetDependency;
			target = E3ACFC392BB5265000FCC311 /* ImageFeed */;
			targetProxy = E3ACFC512BB5265300FCC311 /* PBXContainerItemProxy */;
		};
		E3ACFC5C2BB5265300FCC311 /* PBXTargetDependency */ = {
			isa = PBXTargetDependency;
			target = E3ACFC392BB5265000FCC311 /* ImageFeed */;
			targetProxy = E3ACFC5B2BB5265300FCC311 /* PBXContainerItemProxy */;
		};
/* End PBXTargetDependency section */

/* Begin PBXVariantGroup section */
		E3ACFC432BB5265000FCC311 /* Main.storyboard */ = {
			isa = PBXVariantGroup;
			children = (
				E3ACFC442BB5265000FCC311 /* Base */,
			);
			name = Main.storyboard;
			sourceTree = "<group>";
		};
		E3ACFC482BB5265200FCC311 /* LaunchScreen.storyboard */ = {
			isa = PBXVariantGroup;
			children = (
				E3ACFC492BB5265200FCC311 /* Base */,
			);
			name = LaunchScreen.storyboard;
			sourceTree = "<group>";
		};
/* End PBXVariantGroup section */

/* Begin XCBuildConfiguration section */
		E3ACFC622BB5265300FCC311 /* Debug */ = {
			isa = XCBuildConfiguration;
			buildSettings = {
				ALWAYS_SEARCH_USER_PATHS = NO;
				ASSETCATALOG_COMPILER_GENERATE_SWIFT_ASSET_SYMBOL_EXTENSIONS = YES;
				CLANG_ANALYZER_NONNULL = YES;
				CLANG_ANALYZER_NUMBER_OBJECT_CONVERSION = YES_AGGRESSIVE;
				CLANG_CXX_LANGUAGE_STANDARD = "gnu++20";
				CLANG_ENABLE_MODULES = YES;
				CLANG_ENABLE_OBJC_ARC = YES;
				CLANG_ENABLE_OBJC_WEAK = YES;
				CLANG_WARN_BLOCK_CAPTURE_AUTORELEASING = YES;
				CLANG_WARN_BOOL_CONVERSION = YES;
				CLANG_WARN_COMMA = YES;
				CLANG_WARN_CONSTANT_CONVERSION = YES;
				CLANG_WARN_DEPRECATED_OBJC_IMPLEMENTATIONS = YES;
				CLANG_WARN_DIRECT_OBJC_ISA_USAGE = YES_ERROR;
				CLANG_WARN_DOCUMENTATION_COMMENTS = YES;
				CLANG_WARN_EMPTY_BODY = YES;
				CLANG_WARN_ENUM_CONVERSION = YES;
				CLANG_WARN_INFINITE_RECURSION = YES;
				CLANG_WARN_INT_CONVERSION = YES;
				CLANG_WARN_NON_LITERAL_NULL_CONVERSION = YES;
				CLANG_WARN_OBJC_IMPLICIT_RETAIN_SELF = YES;
				CLANG_WARN_OBJC_LITERAL_CONVERSION = YES;
				CLANG_WARN_OBJC_ROOT_CLASS = YES_ERROR;
				CLANG_WARN_QUOTED_INCLUDE_IN_FRAMEWORK_HEADER = YES;
				CLANG_WARN_RANGE_LOOP_ANALYSIS = YES;
				CLANG_WARN_STRICT_PROTOTYPES = YES;
				CLANG_WARN_SUSPICIOUS_MOVE = YES;
				CLANG_WARN_UNGUARDED_AVAILABILITY = YES_AGGRESSIVE;
				CLANG_WARN_UNREACHABLE_CODE = YES;
				CLANG_WARN__DUPLICATE_METHOD_MATCH = YES;
				COPY_PHASE_STRIP = NO;
				DEBUG_INFORMATION_FORMAT = dwarf;
				ENABLE_STRICT_OBJC_MSGSEND = YES;
				ENABLE_TESTABILITY = YES;
				ENABLE_USER_SCRIPT_SANDBOXING = YES;
				GCC_C_LANGUAGE_STANDARD = gnu17;
				GCC_DYNAMIC_NO_PIC = NO;
				GCC_NO_COMMON_BLOCKS = YES;
				GCC_OPTIMIZATION_LEVEL = 0;
				GCC_PREPROCESSOR_DEFINITIONS = (
					"DEBUG=1",
					"$(inherited)",
				);
				GCC_WARN_64_TO_32_BIT_CONVERSION = YES;
				GCC_WARN_ABOUT_RETURN_TYPE = YES_ERROR;
				GCC_WARN_UNDECLARED_SELECTOR = YES;
				GCC_WARN_UNINITIALIZED_AUTOS = YES_AGGRESSIVE;
				GCC_WARN_UNUSED_FUNCTION = YES;
				GCC_WARN_UNUSED_VARIABLE = YES;
				IPHONEOS_DEPLOYMENT_TARGET = 17.2;
				LOCALIZATION_PREFERS_STRING_CATALOGS = YES;
				MTL_ENABLE_DEBUG_INFO = INCLUDE_SOURCE;
				MTL_FAST_MATH = YES;
				ONLY_ACTIVE_ARCH = YES;
				SDKROOT = iphoneos;
				SWIFT_ACTIVE_COMPILATION_CONDITIONS = "DEBUG $(inherited)";
				SWIFT_OPTIMIZATION_LEVEL = "-Onone";
			};
			name = Debug;
		};
		E3ACFC632BB5265300FCC311 /* Release */ = {
			isa = XCBuildConfiguration;
			buildSettings = {
				ALWAYS_SEARCH_USER_PATHS = NO;
				ASSETCATALOG_COMPILER_GENERATE_SWIFT_ASSET_SYMBOL_EXTENSIONS = YES;
				CLANG_ANALYZER_NONNULL = YES;
				CLANG_ANALYZER_NUMBER_OBJECT_CONVERSION = YES_AGGRESSIVE;
				CLANG_CXX_LANGUAGE_STANDARD = "gnu++20";
				CLANG_ENABLE_MODULES = YES;
				CLANG_ENABLE_OBJC_ARC = YES;
				CLANG_ENABLE_OBJC_WEAK = YES;
				CLANG_WARN_BLOCK_CAPTURE_AUTORELEASING = YES;
				CLANG_WARN_BOOL_CONVERSION = YES;
				CLANG_WARN_COMMA = YES;
				CLANG_WARN_CONSTANT_CONVERSION = YES;
				CLANG_WARN_DEPRECATED_OBJC_IMPLEMENTATIONS = YES;
				CLANG_WARN_DIRECT_OBJC_ISA_USAGE = YES_ERROR;
				CLANG_WARN_DOCUMENTATION_COMMENTS = YES;
				CLANG_WARN_EMPTY_BODY = YES;
				CLANG_WARN_ENUM_CONVERSION = YES;
				CLANG_WARN_INFINITE_RECURSION = YES;
				CLANG_WARN_INT_CONVERSION = YES;
				CLANG_WARN_NON_LITERAL_NULL_CONVERSION = YES;
				CLANG_WARN_OBJC_IMPLICIT_RETAIN_SELF = YES;
				CLANG_WARN_OBJC_LITERAL_CONVERSION = YES;
				CLANG_WARN_OBJC_ROOT_CLASS = YES_ERROR;
				CLANG_WARN_QUOTED_INCLUDE_IN_FRAMEWORK_HEADER = YES;
				CLANG_WARN_RANGE_LOOP_ANALYSIS = YES;
				CLANG_WARN_STRICT_PROTOTYPES = YES;
				CLANG_WARN_SUSPICIOUS_MOVE = YES;
				CLANG_WARN_UNGUARDED_AVAILABILITY = YES_AGGRESSIVE;
				CLANG_WARN_UNREACHABLE_CODE = YES;
				CLANG_WARN__DUPLICATE_METHOD_MATCH = YES;
				COPY_PHASE_STRIP = NO;
				DEBUG_INFORMATION_FORMAT = "dwarf-with-dsym";
				ENABLE_NS_ASSERTIONS = NO;
				ENABLE_STRICT_OBJC_MSGSEND = YES;
				ENABLE_USER_SCRIPT_SANDBOXING = YES;
				GCC_C_LANGUAGE_STANDARD = gnu17;
				GCC_NO_COMMON_BLOCKS = YES;
				GCC_WARN_64_TO_32_BIT_CONVERSION = YES;
				GCC_WARN_ABOUT_RETURN_TYPE = YES_ERROR;
				GCC_WARN_UNDECLARED_SELECTOR = YES;
				GCC_WARN_UNINITIALIZED_AUTOS = YES_AGGRESSIVE;
				GCC_WARN_UNUSED_FUNCTION = YES;
				GCC_WARN_UNUSED_VARIABLE = YES;
				IPHONEOS_DEPLOYMENT_TARGET = 17.2;
				LOCALIZATION_PREFERS_STRING_CATALOGS = YES;
				MTL_ENABLE_DEBUG_INFO = NO;
				MTL_FAST_MATH = YES;
				SDKROOT = iphoneos;
				SWIFT_COMPILATION_MODE = wholemodule;
				VALIDATE_PRODUCT = YES;
			};
			name = Release;
		};
		E3ACFC652BB5265300FCC311 /* Debug */ = {
			isa = XCBuildConfiguration;
			buildSettings = {
				ASSETCATALOG_COMPILER_APPICON_NAME = AppIcon;
				ASSETCATALOG_COMPILER_GLOBAL_ACCENT_COLOR_NAME = AccentColor;
				CODE_SIGN_STYLE = Automatic;
				CURRENT_PROJECT_VERSION = 1;
				DEVELOPMENT_TEAM = VL29A4FUA4;
				GENERATE_INFOPLIST_FILE = YES;
				INFOPLIST_FILE = ImageFeed/Info.plist;
				INFOPLIST_KEY_UIApplicationSupportsIndirectInputEvents = YES;
				INFOPLIST_KEY_UILaunchStoryboardName = LaunchScreen;
				INFOPLIST_KEY_UIMainStoryboardFile = Main;
				INFOPLIST_KEY_UISupportedInterfaceOrientations = UIInterfaceOrientationPortrait;
				INFOPLIST_KEY_UISupportedInterfaceOrientations_iPad = "UIInterfaceOrientationLandscapeLeft UIInterfaceOrientationLandscapeRight UIInterfaceOrientationPortrait";
				IPHONEOS_DEPLOYMENT_TARGET = 13.0;
				LD_RUNPATH_SEARCH_PATHS = (
					"$(inherited)",
					"@executable_path/Frameworks",
				);
				MARKETING_VERSION = 1.0;
				PRODUCT_BUNDLE_IDENTIFIER = ru.yandex.ImageFeed;
				PRODUCT_NAME = "$(TARGET_NAME)";
				SUPPORTED_PLATFORMS = "iphoneos iphonesimulator";
				SUPPORTS_MACCATALYST = NO;
				SWIFT_EMIT_LOC_STRINGS = YES;
				SWIFT_VERSION = 5.0;
				TARGETED_DEVICE_FAMILY = 1;
			};
			name = Debug;
		};
		E3ACFC662BB5265300FCC311 /* Release */ = {
			isa = XCBuildConfiguration;
			buildSettings = {
				ASSETCATALOG_COMPILER_APPICON_NAME = AppIcon;
				ASSETCATALOG_COMPILER_GLOBAL_ACCENT_COLOR_NAME = AccentColor;
				CODE_SIGN_STYLE = Automatic;
				CURRENT_PROJECT_VERSION = 1;
				DEVELOPMENT_TEAM = VL29A4FUA4;
				GENERATE_INFOPLIST_FILE = YES;
				INFOPLIST_FILE = ImageFeed/Info.plist;
				INFOPLIST_KEY_UIApplicationSupportsIndirectInputEvents = YES;
				INFOPLIST_KEY_UILaunchStoryboardName = LaunchScreen;
				INFOPLIST_KEY_UIMainStoryboardFile = Main;
				INFOPLIST_KEY_UISupportedInterfaceOrientations = UIInterfaceOrientationPortrait;
				INFOPLIST_KEY_UISupportedInterfaceOrientations_iPad = "UIInterfaceOrientationLandscapeLeft UIInterfaceOrientationLandscapeRight UIInterfaceOrientationPortrait";
				IPHONEOS_DEPLOYMENT_TARGET = 13.0;
				LD_RUNPATH_SEARCH_PATHS = (
					"$(inherited)",
					"@executable_path/Frameworks",
				);
				MARKETING_VERSION = 1.0;
				PRODUCT_BUNDLE_IDENTIFIER = ru.yandex.ImageFeed;
				PRODUCT_NAME = "$(TARGET_NAME)";
				SUPPORTED_PLATFORMS = "iphoneos iphonesimulator";
				SUPPORTS_MACCATALYST = NO;
				SWIFT_EMIT_LOC_STRINGS = YES;
				SWIFT_VERSION = 5.0;
				TARGETED_DEVICE_FAMILY = 1;
			};
			name = Release;
		};
		E3ACFC682BB5265300FCC311 /* Debug */ = {
			isa = XCBuildConfiguration;
			buildSettings = {
				ALWAYS_EMBED_SWIFT_STANDARD_LIBRARIES = YES;
				BUNDLE_LOADER = "$(TEST_HOST)";
				CODE_SIGN_STYLE = Automatic;
				CURRENT_PROJECT_VERSION = 1;
				DEVELOPMENT_TEAM = VL29A4FUA4;
				GENERATE_INFOPLIST_FILE = YES;
				IPHONEOS_DEPLOYMENT_TARGET = 17.2;
				MARKETING_VERSION = 1.0;
				PRODUCT_BUNDLE_IDENTIFIER = ru.yandex.ImageFeedTests;
				PRODUCT_NAME = "$(TARGET_NAME)";
				SWIFT_EMIT_LOC_STRINGS = NO;
				SWIFT_VERSION = 5.0;
				TARGETED_DEVICE_FAMILY = "1,2";
				TEST_HOST = "$(BUILT_PRODUCTS_DIR)/ImageFeed.app/$(BUNDLE_EXECUTABLE_FOLDER_PATH)/ImageFeed";
			};
			name = Debug;
		};
		E3ACFC692BB5265300FCC311 /* Release */ = {
			isa = XCBuildConfiguration;
			buildSettings = {
				ALWAYS_EMBED_SWIFT_STANDARD_LIBRARIES = YES;
				BUNDLE_LOADER = "$(TEST_HOST)";
				CODE_SIGN_STYLE = Automatic;
				CURRENT_PROJECT_VERSION = 1;
				DEVELOPMENT_TEAM = VL29A4FUA4;
				GENERATE_INFOPLIST_FILE = YES;
				IPHONEOS_DEPLOYMENT_TARGET = 17.2;
				MARKETING_VERSION = 1.0;
				PRODUCT_BUNDLE_IDENTIFIER = ru.yandex.ImageFeedTests;
				PRODUCT_NAME = "$(TARGET_NAME)";
				SWIFT_EMIT_LOC_STRINGS = NO;
				SWIFT_VERSION = 5.0;
				TARGETED_DEVICE_FAMILY = "1,2";
				TEST_HOST = "$(BUILT_PRODUCTS_DIR)/ImageFeed.app/$(BUNDLE_EXECUTABLE_FOLDER_PATH)/ImageFeed";
			};
			name = Release;
		};
		E3ACFC6B2BB5265300FCC311 /* Debug */ = {
			isa = XCBuildConfiguration;
			buildSettings = {
				ALWAYS_EMBED_SWIFT_STANDARD_LIBRARIES = YES;
				CODE_SIGN_STYLE = Automatic;
				CURRENT_PROJECT_VERSION = 1;
				DEVELOPMENT_TEAM = VL29A4FUA4;
				GENERATE_INFOPLIST_FILE = YES;
				MARKETING_VERSION = 1.0;
				PRODUCT_BUNDLE_IDENTIFIER = ru.yandex.ImageFeedUITests;
				PRODUCT_NAME = "$(TARGET_NAME)";
				SWIFT_EMIT_LOC_STRINGS = NO;
				SWIFT_VERSION = 5.0;
				TARGETED_DEVICE_FAMILY = "1,2";
				TEST_TARGET_NAME = ImageFeed;
			};
			name = Debug;
		};
		E3ACFC6C2BB5265300FCC311 /* Release */ = {
			isa = XCBuildConfiguration;
			buildSettings = {
				ALWAYS_EMBED_SWIFT_STANDARD_LIBRARIES = YES;
				CODE_SIGN_STYLE = Automatic;
				CURRENT_PROJECT_VERSION = 1;
				DEVELOPMENT_TEAM = VL29A4FUA4;
				GENERATE_INFOPLIST_FILE = YES;
				MARKETING_VERSION = 1.0;
				PRODUCT_BUNDLE_IDENTIFIER = ru.yandex.ImageFeedUITests;
				PRODUCT_NAME = "$(TARGET_NAME)";
				SWIFT_EMIT_LOC_STRINGS = NO;
				SWIFT_VERSION = 5.0;
				TARGETED_DEVICE_FAMILY = "1,2";
				TEST_TARGET_NAME = ImageFeed;
			};
			name = Release;
		};
/* End XCBuildConfiguration section */

/* Begin XCConfigurationList section */
		E3ACFC352BB5265000FCC311 /* Build configuration list for PBXProject "ImageFeed" */ = {
			isa = XCConfigurationList;
			buildConfigurations = (
				E3ACFC622BB5265300FCC311 /* Debug */,
				E3ACFC632BB5265300FCC311 /* Release */,
			);
			defaultConfigurationIsVisible = 0;
			defaultConfigurationName = Release;
		};
		E3ACFC642BB5265300FCC311 /* Build configuration list for PBXNativeTarget "ImageFeed" */ = {
			isa = XCConfigurationList;
			buildConfigurations = (
				E3ACFC652BB5265300FCC311 /* Debug */,
				E3ACFC662BB5265300FCC311 /* Release */,
			);
			defaultConfigurationIsVisible = 0;
			defaultConfigurationName = Release;
		};
		E3ACFC672BB5265300FCC311 /* Build configuration list for PBXNativeTarget "ImageFeedTests" */ = {
			isa = XCConfigurationList;
			buildConfigurations = (
				E3ACFC682BB5265300FCC311 /* Debug */,
				E3ACFC692BB5265300FCC311 /* Release */,
			);
			defaultConfigurationIsVisible = 0;
			defaultConfigurationName = Release;
		};
		E3ACFC6A2BB5265300FCC311 /* Build configuration list for PBXNativeTarget "ImageFeedUITests" */ = {
			isa = XCConfigurationList;
			buildConfigurations = (
				E3ACFC6B2BB5265300FCC311 /* Debug */,
				E3ACFC6C2BB5265300FCC311 /* Release */,
			);
			defaultConfigurationIsVisible = 0;
			defaultConfigurationName = Release;
		};
/* End XCConfigurationList section */
	};
	rootObject = E3ACFC322BB5265000FCC311 /* Project object */;
}
